
Microsoft Visual Studio Solution File, Format Version 11.00
# Visual Studio 2010
Project("{FAE04EC0-301F-11D3-BF4B-00C04F79EFBC}") = "ServiceFairy.Install", "ServiceFairy.Install\ServiceFairy.Install.csproj", "{6AB02A27-4926-4725-BFE1-1CF763DD21A5}"
EndProject
Project("{FAE04EC0-301F-11D3-BF4B-00C04F79EFBC}") = "ServiceFairy.TrayManagement", "ServiceFairy.TrayManagement\ServiceFairy.TrayManagement.csproj", "{23F241F6-F3FA-491A-9623-225810A9A44F}"
EndProject
Project("{FAE04EC0-301F-11D3-BF4B-00C04F79EFBC}") = "ServiceFairy.Setup.Builder", "ServiceFairy.Setup.Builder\ServiceFairy.Setup.Builder.csproj", "{F97DEE2B-58FD-47F0-8AEC-229ADC80A437}"
EndProject
Project("{2150E333-8FDC-42A3-9474-1A3956D46DE8}") = "Common", "Common", "{F9BF758F-6FC7-4EA3-8939-A5365699417B}"
EndProject
Project("{FAE04EC0-301F-11D3-BF4B-00C04F79EFBC}") = "Common", "..\Common\Common\Common.csproj", "{109B2C9F-98FB-4A7C-88DA-F52C61A61B72}"
EndProject
Project("{FAE04EC0-301F-11D3-BF4B-00C04F79EFBC}") = "Common.Communication", "..\Common\Common.Communication\Common.Communication.csproj", "{DE2353F5-D22D-4B09-ADA6-09A7CA757ED1}"
EndProject
Project("{FAE04EC0-301F-11D3-BF4B-00C04F79EFBC}") = "Common.Contracts", "..\Common\Common.Contracts\Common.Contracts.csproj", "{7AE561D4-B7EC-467F-B89C-0D531ECAD9CE}"
EndProject
Project("{FAE04EC0-301F-11D3-BF4B-00C04F79EFBC}") = "Common.WinForm", "..\Common\Common.WinForm\Common.WinForm.csproj", "{64265183-5883-4D4E-9ED8-7E996C2727E4}"
EndProject
Project("{FAE04EC0-301F-11D3-BF4B-00C04F79EFBC}") = "Common.Package", "..\Common\Common.Package\Common.Package.csproj", "{5B657644-8038-44E7-895B-F6A82AD596EE}"
EndProject
Project("{FAE04EC0-301F-11D3-BF4B-00C04F79EFBC}") = "ServiceFairy", "ServiceFairy\ServiceFairy.csproj", "{915745C6-F6D5-45E6-AB2E-E0D087E19EF7}"
EndProject
Project("{FAE04EC0-301F-11D3-BF4B-00C04F79EFBC}") = "ServiceFairy.SystemInvoke", "ServiceFairy.SystemInvoke\ServiceFairy.SystemInvoke.csproj", "{8BB052AF-7B66-4839-9253-E8F07A1B540F}"
EndProject
Project("{FAE04EC0-301F-11D3-BF4B-00C04F79EFBC}") = "Common.Framework.TrayPlatform", "..\Common\Common.Framework.TrayPlatform\Common.Framework.TrayPlatform.csproj", "{EFD3F3BF-B25E-4CA6-BA40-502BD1763E72}"
EndProject
Project("{FAE04EC0-301F-11D3-BF4B-00C04F79EFBC}") = "ServiceFairy.WinForm", "ServiceFairy.WinForm\ServiceFairy.WinForm.csproj", "{FBA8D7A4-152F-40D4-BB62-20978FE8D4C2}"
EndProject
Project("{54435603-DBB4-11D2-8724-00A0C9A8B90C}") = "ServiceFairy.Setup", "ServiceFairy.Setup\ServiceFairy.Setup.vdproj", "{FBE48FA9-24D6-47B7-A0DD-6034AA924A29}"
EndProject
Global
	GlobalSection(SolutionConfigurationPlatforms) = preSolution
		Debug|Any CPU = Debug|Any CPU
		Debug|Mixed Platforms = Debug|Mixed Platforms
		Debug|x86 = Debug|x86
		Release|Any CPU = Release|Any CPU
		Release|Mixed Platforms = Release|Mixed Platforms
		Release|x86 = Release|x86
	EndGlobalSection
	GlobalSection(ProjectConfigurationPlatforms) = postSolution
		{6AB02A27-4926-4725-BFE1-1CF763DD21A5}.Debug|Any CPU.ActiveCfg = Debug|Any CPU
		{6AB02A27-4926-4725-BFE1-1CF763DD21A5}.Debug|Any CPU.Build.0 = Debug|Any CPU
		{6AB02A27-4926-4725-BFE1-1CF763DD21A5}.Debug|Mixed Platforms.ActiveCfg = Debug|Any CPU
		{6AB02A27-4926-4725-BFE1-1CF763DD21A5}.Debug|Mixed Platforms.Build.0 = Debug|Any CPU
		{6AB02A27-4926-4725-BFE1-1CF763DD21A5}.Debug|x86.ActiveCfg = Debug|Any CPU
		{6AB02A27-4926-4725-BFE1-1CF763DD21A5}.Release|Any CPU.ActiveCfg = Release|Any CPU
		{6AB02A27-4926-4725-BFE1-1CF763DD21A5}.Release|Any CPU.Build.0 = Release|Any CPU
		{6AB02A27-4926-4725-BFE1-1CF763DD21A5}.Release|Mixed Platforms.ActiveCfg = Release|Any CPU
		{6AB02A27-4926-4725-BFE1-1CF763DD21A5}.Release|Mixed Platforms.Build.0 = Release|Any CPU
		{6AB02A27-4926-4725-BFE1-1CF763DD21A5}.Release|x86.ActiveCfg = Release|Any CPU
		{23F241F6-F3FA-491A-9623-225810A9A44F}.Debug|Any CPU.ActiveCfg = Debug|x86
		{23F241F6-F3FA-491A-9623-225810A9A44F}.Debug|Mixed Platforms.ActiveCfg = Debug|x86
		{23F241F6-F3FA-491A-9623-225810A9A44F}.Debug|Mixed Platforms.Build.0 = Debug|x86
		{23F241F6-F3FA-491A-9623-225810A9A44F}.Debug|x86.ActiveCfg = Debug|x86
		{23F241F6-F3FA-491A-9623-225810A9A44F}.Debug|x86.Build.0 = Debug|x86
		{23F241F6-F3FA-491A-9623-225810A9A44F}.Release|Any CPU.ActiveCfg = Release|x86
		{23F241F6-F3FA-491A-9623-225810A9A44F}.Release|Mixed Platforms.ActiveCfg = Release|x86
		{23F241F6-F3FA-491A-9623-225810A9A44F}.Release|Mixed Platforms.Build.0 = Release|x86
		{23F241F6-F3FA-491A-9623-225810A9A44F}.Release|x86.ActiveCfg = Release|x86
		{23F241F6-F3FA-491A-9623-225810A9A44F}.Release|x86.Build.0 = Release|x86
		{F97DEE2B-58FD-47F0-8AEC-229ADC80A437}.Debug|Any CPU.ActiveCfg = Debug|x86
		{F97DEE2B-58FD-47F0-8AEC-229ADC80A437}.Debug|Mixed Platforms.ActiveCfg = Debug|x86
		{F97DEE2B-58FD-47F0-8AEC-229ADC80A437}.Debug|Mixed Platforms.Build.0 = Debug|x86
		{F97DEE2B-58FD-47F0-8AEC-229ADC80A437}.Debug|x86.ActiveCfg = Debug|x86
		{F97DEE2B-58FD-47F0-8AEC-229ADC80A437}.Debug|x86.Build.0 = Debug|x86
		{F97DEE2B-58FD-47F0-8AEC-229ADC80A437}.Release|Any CPU.ActiveCfg = Release|x86
		{F97DEE2B-58FD-47F0-8AEC-229ADC80A437}.Release|Mixed Platforms.ActiveCfg = Release|x86
		{F97DEE2B-58FD-47F0-8AEC-229ADC80A437}.Release|Mixed Platforms.Build.0 = Release|x86
		{F97DEE2B-58FD-47F0-8AEC-229ADC80A437}.Release|x86.ActiveCfg = Release|x86
		{F97DEE2B-58FD-47F0-8AEC-229ADC80A437}.Release|x86.Build.0 = Release|x86
		{109B2C9F-98FB-4A7C-88DA-F52C61A61B72}.Debug|Any CPU.ActiveCfg = Debug|Any CPU
		{109B2C9F-98FB-4A7C-88DA-F52C61A61B72}.Debug|Any CPU.Build.0 = Debug|Any CPU
		{109B2C9F-98FB-4A7C-88DA-F52C61A61B72}.Debug|Mixed Platforms.ActiveCfg = Debug|Any CPU
		{109B2C9F-98FB-4A7C-88DA-F52C61A61B72}.Debug|Mixed Platforms.Build.0 = Debug|Any CPU
		{109B2C9F-98FB-4A7C-88DA-F52C61A61B72}.Debug|x86.ActiveCfg = Debug|Any CPU
		{109B2C9F-98FB-4A7C-88DA-F52C61A61B72}.Release|Any CPU.ActiveCfg = Release|Any CPU
		{109B2C9F-98FB-4A7C-88DA-F52C61A61B72}.Release|Any CPU.Build.0 = Release|Any CPU
		{109B2C9F-98FB-4A7C-88DA-F52C61A61B72}.Release|Mixed Platforms.ActiveCfg = Release|Any CPU
		{109B2C9F-98FB-4A7C-88DA-F52C61A61B72}.Release|Mixed Platforms.Build.0 = Release|Any CPU
		{109B2C9F-98FB-4A7C-88DA-F52C61A61B72}.Release|x86.ActiveCfg = Release|Any CPU
		{DE2353F5-D22D-4B09-ADA6-09A7CA757ED1}.Debug|Any CPU.ActiveCfg = Debug|Any CPU
		{DE2353F5-D22D-4B09-ADA6-09A7CA757ED1}.Debug|Any CPU.Build.0 = Debug|Any CPU
		{DE2353F5-D22D-4B09-ADA6-09A7CA757ED1}.Debug|Mixed Platforms.ActiveCfg = Debug|Any CPU
		{DE2353F5-D22D-4B09-ADA6-09A7CA757ED1}.Debug|Mixed Platforms.Build.0 = Debug|Any CPU
		{DE2353F5-D22D-4B09-ADA6-09A7CA757ED1}.Debug|x86.ActiveCfg = Debug|Any CPU
		{DE2353F5-D22D-4B09-ADA6-09A7CA757ED1}.Release|Any CPU.ActiveCfg = Release|Any CPU
		{DE2353F5-D22D-4B09-ADA6-09A7CA757ED1}.Release|Any CPU.Build.0 = Release|Any CPU
		{DE2353F5-D22D-4B09-ADA6-09A7CA757ED1}.Release|Mixed Platforms.ActiveCfg = Release|Any CPU
		{DE2353F5-D22D-4B09-ADA6-09A7CA757ED1}.Release|Mixed Platforms.Build.0 = Release|Any CPU
		{DE2353F5-D22D-4B09-ADA6-09A7CA757ED1}.Release|x86.ActiveCfg = Release|Any CPU
		{7AE561D4-B7EC-467F-B89C-0D531ECAD9CE}.Debug|Any CPU.ActiveCfg = Debug|Any CPU
		{7AE561D4-B7EC-467F-B89C-0D531ECAD9CE}.Debug|Any CPU.Build.0 = Debug|Any CPU
		{7AE561D4-B7EC-467F-B89C-0D531ECAD9CE}.Debug|Mixed Platforms.ActiveCfg = Debug|Any CPU
		{7AE561D4-B7EC-467F-B89C-0D531ECAD9CE}.Debug|Mixed Platforms.Build.0 = Debug|Any CPU
		{7AE561D4-B7EC-467F-B89C-0D531ECAD9CE}.Debug|x86.ActiveCfg = Debug|Any CPU
		{7AE561D4-B7EC-467F-B89C-0D531ECAD9CE}.Release|Any CPU.ActiveCfg = Release|Any CPU
		{7AE561D4-B7EC-467F-B89C-0D531ECAD9CE}.Release|Any CPU.Build.0 = Release|Any CPU
		{7AE561D4-B7EC-467F-B89C-0D531ECAD9CE}.Release|Mixed Platforms.ActiveCfg = Release|Any CPU
		{7AE561D4-B7EC-467F-B89C-0D531ECAD9CE}.Release|Mixed Platforms.Build.0 = Release|Any CPU
		{7AE561D4-B7EC-467F-B89C-0D531ECAD9CE}.Release|x86.ActiveCfg = Release|Any CPU
		{64265183-5883-4D4E-9ED8-7E996C2727E4}.Debug|Any CPU.ActiveCfg = Debug|Any CPU
		{64265183-5883-4D4E-9ED8-7E996C2727E4}.Debug|Any CPU.Build.0 = Debug|Any CPU
		{64265183-5883-4D4E-9ED8-7E996C2727E4}.Debug|Mixed Platforms.ActiveCfg = Debug|Any CPU
		{64265183-5883-4D4E-9ED8-7E996C2727E4}.Debug|Mixed Platforms.Build.0 = Debug|Any CPU
		{64265183-5883-4D4E-9ED8-7E996C2727E4}.Debug|x86.ActiveCfg = Debug|Any CPU
		{64265183-5883-4D4E-9ED8-7E996C2727E4}.Release|Any CPU.ActiveCfg = Release|Any CPU
		{64265183-5883-4D4E-9ED8-7E996C2727E4}.Release|Any CPU.Build.0 = Release|Any CPU
		{64265183-5883-4D4E-9ED8-7E996C2727E4}.Release|Mixed Platforms.ActiveCfg = Release|Any CPU
		{64265183-5883-4D4E-9ED8-7E996C2727E4}.Release|Mixed Platforms.Build.0 = Release|Any CPU
		{64265183-5883-4D4E-9ED8-7E996C2727E4}.Release|x86.ActiveCfg = Release|Any CPU
		{5B657644-8038-44E7-895B-F6A82AD596EE}.Debug|Any CPU.ActiveCfg = Debug|x86
		{5B657644-8038-44E7-895B-F6A82AD596EE}.Debug|Mixed Platforms.ActiveCfg = Debug|x86
		{5B657644-8038-44E7-895B-F6A82AD596EE}.Debug|Mixed Platforms.Build.0 = Debug|x86
		{5B657644-8038-44E7-895B-F6A82AD596EE}.Debug|x86.ActiveCfg = Debug|x86
		{5B657644-8038-44E7-895B-F6A82AD596EE}.Debug|x86.Build.0 = Debug|x86
		{5B657644-8038-44E7-895B-F6A82AD596EE}.Release|Any CPU.ActiveCfg = Release|x86
		{5B657644-8038-44E7-895B-F6A82AD596EE}.Release|Mixed Platforms.ActiveCfg = Release|x86
		{5B657644-8038-44E7-895B-F6A82AD596EE}.Release|Mixed Platforms.Build.0 = Release|x86
		{5B657644-8038-44E7-895B-F6A82AD596EE}.Release|x86.ActiveCfg = Release|x86
		{5B657644-8038-44E7-895B-F6A82AD596EE}.Release|x86.Build.0 = Release|x86
		{915745C6-F6D5-45E6-AB2E-E0D087E19EF7}.Debug|Any CPU.ActiveCfg = Debug|Any CPU
		{915745C6-F6D5-45E6-AB2E-E0D087E19EF7}.Debug|Any CPU.Build.0 = Debug|Any CPU
		{915745C6-F6D5-45E6-AB2E-E0D087E19EF7}.Debug|Mixed Platforms.ActiveCfg = Debug|Any CPU
		{915745C6-F6D5-45E6-AB2E-E0D087E19EF7}.Debug|Mixed Platforms.Build.0 = Debug|Any CPU
		{915745C6-F6D5-45E6-AB2E-E0D087E19EF7}.Debug|x86.ActiveCfg = Debug|Any CPU
		{915745C6-F6D5-45E6-AB2E-E0D087E19EF7}.Release|Any CPU.ActiveCfg = Release|Any CPU
		{915745C6-F6D5-45E6-AB2E-E0D087E19EF7}.Release|Any CPU.Build.0 = Release|Any CPU
		{915745C6-F6D5-45E6-AB2E-E0D087E19EF7}.Release|Mixed Platforms.ActiveCfg = Release|Any CPU
		{915745C6-F6D5-45E6-AB2E-E0D087E19EF7}.Release|Mixed Platforms.Build.0 = Release|Any CPU
		{915745C6-F6D5-45E6-AB2E-E0D087E19EF7}.Release|x86.ActiveCfg = Release|Any CPU
		{8BB052AF-7B66-4839-9253-E8F07A1B540F}.Debug|Any CPU.ActiveCfg = Debug|Any CPU
		{8BB052AF-7B66-4839-9253-E8F07A1B540F}.Debug|Any CPU.Build.0 = Debug|Any CPU
		{8BB052AF-7B66-4839-9253-E8F07A1B540F}.Debug|Mixed Platforms.ActiveCfg = Debug|Any CPU
		{8BB052AF-7B66-4839-9253-E8F07A1B540F}.Debug|Mixed Platforms.Build.0 = Debug|Any CPU
		{8BB052AF-7B66-4839-9253-E8F07A1B540F}.Debug|x86.ActiveCfg = Debug|Any CPU
		{8BB052AF-7B66-4839-9253-E8F07A1B540F}.Release|Any CPU.ActiveCfg = Release|Any CPU
		{8BB052AF-7B66-4839-9253-E8F07A1B540F}.Release|Any CPU.Build.0 = Release|Any CPU
		{8BB052AF-7B66-4839-9253-E8F07A1B540F}.Release|Mixed Platforms.ActiveCfg = Release|Any CPU
		{8BB052AF-7B66-4839-9253-E8F07A1B540F}.Release|Mixed Platforms.Build.0 = Release|Any CPU
		{8BB052AF-7B66-4839-9253-E8F07A1B540F}.Release|x86.ActiveCfg = Release|Any CPU
		{EFD3F3BF-B25E-4CA6-BA40-502BD1763E72}.Debug|Any CPU.ActiveCfg = Debug|Any CPU
		{EFD3F3BF-B25E-4CA6-BA40-502BD1763E72}.Debug|Any CPU.Build.0 = Debug|Any CPU
		{EFD3F3BF-B25E-4CA6-BA40-502BD1763E72}.Debug|Mixed Platforms.ActiveCfg = Debug|Any CPU
		{EFD3F3BF-B25E-4CA6-BA40-502BD1763E72}.Debug|Mixed Platforms.Build.0 = Debug|Any CPU
		{EFD3F3BF-B25E-4CA6-BA40-502BD1763E72}.Debug|x86.ActiveCfg = Debug|Any CPU
		{EFD3F3BF-B25E-4CA6-BA40-502BD1763E72}.Release|Any CPU.ActiveCfg = Release|Any CPU
		{EFD3F3BF-B25E-4CA6-BA40-502BD1763E72}.Release|Any CPU.Build.0 = Release|Any CPU
		{EFD3F3BF-B25E-4CA6-BA40-502BD1763E72}.Release|Mixed Platforms.ActiveCfg = Release|Any CPU
		{EFD3F3BF-B25E-4CA6-BA40-502BD1763E72}.Release|Mixed Platforms.Build.0 = Release|Any CPU
		{EFD3F3BF-B25E-4CA6-BA40-502BD1763E72}.Release|x86.ActiveCfg = Release|Any CPU
		{FBA8D7A4-152F-40D4-BB62-20978FE8D4C2}.Debug|Any CPU.ActiveCfg = Debug|Any CPU
		{FBA8D7A4-152F-40D4-BB62-20978FE8D4C2}.Debug|Any CPU.Build.0 = Debug|Any CPU
		{FBA8D7A4-152F-40D4-BB62-20978FE8D4C2}.Debug|Mixed Platforms.ActiveCfg = Debug|Any CPU
		{FBA8D7A4-152F-40D4-BB62-20978FE8D4C2}.Debug|Mixed Platforms.Build.0 = Debug|Any CPU
		{FBA8D7A4-152F-40D4-BB62-20978FE8D4C2}.Debug|x86.ActiveCfg = Debug|Any CPU
		{FBA8D7A4-152F-40D4-BB62-20978FE8D4C2}.Release|Any CPU.ActiveCfg = Release|Any CPU
		{FBA8D7A4-152F-40D4-BB62-20978FE8D4C2}.Release|Any CPU.Build.0 = Release|Any CPU
		{FBA8D7A4-152F-40D4-BB62-20978FE8D4C2}.Release|Mixed Platforms.ActiveCfg = Release|Any CPU
		{FBA8D7A4-152F-40D4-BB62-20978FE8D4C2}.Release|Mixed Platforms.Build.0 = Release|Any CPU
		{FBA8D7A4-152F-40D4-BB62-20978FE8D4C2}.Release|x86.ActiveCfg = Release|Any CPU
		{FBE48FA9-24D6-47B7-A0DD-6034AA924A29}.Debug|Any CPU.ActiveCfg = Debug
		{FBE48FA9-24D6-47B7-A0DD-6034AA924A29}.Debug|Mixed Platforms.ActiveCfg = Debug
		{FBE48FA9-24D6-47B7-A0DD-6034AA924A29}.Debug|x86.ActiveCfg = Debug
		{FBE48FA9-24D6-47B7-A0DD-6034AA924A29}.Release|Any CPU.ActiveCfg = Release
		{FBE48FA9-24D6-47B7-A0DD-6034AA924A29}.Release|Mixed Platforms.ActiveCfg = Release
		{FBE48FA9-24D6-47B7-A0DD-6034AA924A29}.Release|x86.ActiveCfg = Release
	EndGlobalSection
	GlobalSection(SolutionProperties) = preSolution
		HideSolutionNode = FALSE
	EndGlobalSection
	GlobalSection(NestedProjects) = preSolution
		{109B2C9F-98FB-4A7C-88DA-F52C61A61B72} = {F9BF758F-6FC7-4EA3-8939-A5365699417B}
		{DE2353F5-D22D-4B09-ADA6-09A7CA757ED1} = {F9BF758F-6FC7-4EA3-8939-A5365699417B}
		{7AE561D4-B7EC-467F-B89C-0D531ECAD9CE} = {F9BF758F-6FC7-4EA3-8939-A5365699417B}
		{64265183-5883-4D4E-9ED8-7E996C2727E4} = {F9BF758F-6FC7-4EA3-8939-A5365699417B}
		{5B657644-8038-44E7-895B-F6A82AD596EE} = {F9BF758F-6FC7-4EA3-8939-A5365699417B}
		{915745C6-F6D5-45E6-AB2E-E0D087E19EF7} = {F9BF758F-6FC7-4EA3-8939-A5365699417B}
		{8BB052AF-7B66-4839-9253-E8F07A1B540F} = {F9BF758F-6FC7-4EA3-8939-A5365699417B}
		{EFD3F3BF-B25E-4CA6-BA40-502BD1763E72} = {F9BF758F-6FC7-4EA3-8939-A5365699417B}
		{FBA8D7A4-152F-40D4-BB62-20978FE8D4C2} = {F9BF758F-6FC7-4EA3-8939-A5365699417B}
	EndGlobalSection
EndGlobal
