
Microsoft Visual Studio Solution File, Format Version 11.00
# Visual Studio 2010
Project("{FAE04EC0-301F-11D3-BF4B-00C04F79EFBC}") = "ServiceFairy", "ServiceFairy\ServiceFairy.csproj", "{915745C6-F6D5-45E6-AB2E-E0D087E19EF7}"
EndProject
Project("{2150E333-8FDC-42A3-9474-1A3956D46DE8}") = "System Services", "System Services", "{59C0694E-1B65-4459-B549-5492C2C66BC9}"
EndProject
Project("{FAE04EC0-301F-11D3-BF4B-00C04F79EFBC}") = "ServiceFairy.Service.Deploy", "ServiceFairy.Service.Deploy\ServiceFairy.Service.Deploy.csproj", "{37A3AF07-FE74-47BC-BD6B-49EAF7AD8392}"
EndProject
Project("{FAE04EC0-301F-11D3-BF4B-00C04F79EFBC}") = "ServiceFairy.Service.Master", "ServiceFairy.Service.Master\ServiceFairy.Service.Master.csproj", "{F681934F-A816-4E95-9BB5-17C64FDD0B02}"
EndProject
Project("{FAE04EC0-301F-11D3-BF4B-00C04F79EFBC}") = "ServiceFairy.Service.Configuration", "ServiceFairy.Service.Configuration\ServiceFairy.Service.Configuration.csproj", "{D8942101-2B12-4574-930C-F850AE948A52}"
EndProject
Project("{FAE04EC0-301F-11D3-BF4B-00C04F79EFBC}") = "ServiceFairy.Service.Tray", "ServiceFairy.Service.Tray\ServiceFairy.Service.Tray.csproj", "{AF000ADF-1CD5-4301-9971-5211AA0B0225}"
EndProject
Project("{FAE04EC0-301F-11D3-BF4B-00C04F79EFBC}") = "ServiceFairy.Service.Log", "ServiceFairy.Service.Log\ServiceFairy.Service.Log.csproj", "{E951DA3F-4F7A-4CA8-90A4-090F046C5E4B}"
EndProject
Project("{2150E333-8FDC-42A3-9474-1A3956D46DE8}") = "Common", "Common", "{4B25997A-D0E5-44F0-9682-9E0EF42A8480}"
EndProject
Project("{FAE04EC0-301F-11D3-BF4B-00C04F79EFBC}") = "Common", "..\Common\Common\Common.csproj", "{109B2C9F-98FB-4A7C-88DA-F52C61A61B72}"
EndProject
Project("{FAE04EC0-301F-11D3-BF4B-00C04F79EFBC}") = "Common.Contracts", "..\Common\Common.Contracts\Common.Contracts.csproj", "{7AE561D4-B7EC-467F-B89C-0D531ECAD9CE}"
EndProject
Project("{FAE04EC0-301F-11D3-BF4B-00C04F79EFBC}") = "Common.Framework.TrayPlatform", "..\Common\Common.Framework.TrayPlatform\Common.Framework.TrayPlatform.csproj", "{EFD3F3BF-B25E-4CA6-BA40-502BD1763E72}"
EndProject
Project("{FAE04EC0-301F-11D3-BF4B-00C04F79EFBC}") = "Common.Communication", "..\Common\Common.Communication\Common.Communication.csproj", "{DE2353F5-D22D-4B09-ADA6-09A7CA757ED1}"
EndProject
Project("{FAE04EC0-301F-11D3-BF4B-00C04F79EFBC}") = "Common.Package", "..\Common\Common.Package\Common.Package.csproj", "{5B657644-8038-44E7-895B-F6A82AD596EE}"
EndProject
Project("{FAE04EC0-301F-11D3-BF4B-00C04F79EFBC}") = "ServiceFairy.SystemInvoke", "ServiceFairy.SystemInvoke\ServiceFairy.SystemInvoke.csproj", "{8BB052AF-7B66-4839-9253-E8F07A1B540F}"
EndProject
Project("{FAE04EC0-301F-11D3-BF4B-00C04F79EFBC}") = "ServiceFairy.Service.Cache", "ServiceFairy.Service.Cache\ServiceFairy.Service.Cache.csproj", "{4CA3ED66-1DA0-4621-AC56-254D099ED9C7}"
EndProject
Project("{FAE04EC0-301F-11D3-BF4B-00C04F79EFBC}") = "Common.Data", "..\Common\Common.Data\Common.Data.csproj", "{AFF90909-CAE0-4A76-8E87-C8E7479A905F}"
EndProject
Project("{FAE04EC0-301F-11D3-BF4B-00C04F79EFBC}") = "ServiceFairy.Components", "ServiceFairy.Components\ServiceFairy.Components.csproj", "{4AE3CC0F-3B7C-46FD-B215-C4CD2B7249A2}"
EndProject
Project("{FAE04EC0-301F-11D3-BF4B-00C04F79EFBC}") = "ServiceFairy.Service.UI", "ServiceFairy.Service.UI\ServiceFairy.Service.UI.csproj", "{60FF6814-6AF5-4869-9F3C-DDA4CDC03262}"
EndProject
Project("{FAE04EC0-301F-11D3-BF4B-00C04F79EFBC}") = "ServiceFairy.Service.Navigation", "ServiceFairy.Service.Navigation\ServiceFairy.Service.Navigation.csproj", "{9EC4108F-5E8C-470F-9729-0423A8DE51F6}"
EndProject
Project("{FAE04EC0-301F-11D3-BF4B-00C04F79EFBC}") = "ServiceFairy.Service.Proxy", "ServiceFairy.Service.Proxy\ServiceFairy.Service.Proxy.csproj", "{5288DAA0-DA8C-4742-82E9-0BF67C732C48}"
EndProject
Project("{FAE04EC0-301F-11D3-BF4B-00C04F79EFBC}") = "ServiceFairy.Service.Queue", "ServiceFairy.Service.Queue\ServiceFairy.Service.Queue.csproj", "{9C97E9AD-5D51-42C6-99B3-56C59926D0E0}"
EndProject
Project("{FAE04EC0-301F-11D3-BF4B-00C04F79EFBC}") = "ServiceFairy.Service.Share", "ServiceFairy.Service.Share\ServiceFairy.Service.Share.csproj", "{56B163B4-AD6F-44E1-B6A6-84C58D590F87}"
EndProject
Project("{FAE04EC0-301F-11D3-BF4B-00C04F79EFBC}") = "ServiceFairy.Product", "ServiceFairy.Product\ServiceFairy.Product.csproj", "{2EAFF914-60F5-4CDD-9FBB-35A0BD8AFD3A}"
EndProject
Project("{FAE04EC0-301F-11D3-BF4B-00C04F79EFBC}") = "ServiceFairy.Install", "ServiceFairy.Install\ServiceFairy.Install.csproj", "{6AB02A27-4926-4725-BFE1-1CF763DD21A5}"
EndProject
Project("{FAE04EC0-301F-11D3-BF4B-00C04F79EFBC}") = "ServiceFairy.Service.Sms", "ServiceFairy.Service.Sms\ServiceFairy.Service.Sms.csproj", "{BD7CEEFB-4DAB-4B91-95A4-C67685810BC7}"
EndProject
Project("{FAE04EC0-301F-11D3-BF4B-00C04F79EFBC}") = "ServiceFairy.Service.User", "ServiceFairy.Service.User\ServiceFairy.Service.User.csproj", "{26CDC440-E2C3-4AA0-9D4E-9213C7432ADD}"
EndProject
Project("{FAE04EC0-301F-11D3-BF4B-00C04F79EFBC}") = "ServiceFairy.Entities", "ServiceFairy.Entities\ServiceFairy.Entities.csproj", "{4930AD49-98E9-46C5-8910-4FCBD5D7E5D1}"
EndProject
Project("{FAE04EC0-301F-11D3-BF4B-00C04F79EFBC}") = "ServiceFairy.Service.File", "ServiceFairy.Service.File\ServiceFairy.Service.File.csproj", "{D59BAD95-CF20-4497-B2F0-ED9639D251AB}"
EndProject
Project("{FAE04EC0-301F-11D3-BF4B-00C04F79EFBC}") = "ServiceFairy.Service.Security", "ServiceFairy.Service.Security\ServiceFairy.Service.Security.csproj", "{7D245202-5271-4469-8D69-E4FB5CA454AB}"
EndProject
Project("{FAE04EC0-301F-11D3-BF4B-00C04F79EFBC}") = "Common.File", "..\Common\Common.File\Common.File.csproj", "{F04EB1AF-1C68-424F-9BAD-A1843C0DE880}"
EndProject
Project("{FAE04EC0-301F-11D3-BF4B-00C04F79EFBC}") = "ServiceFairy.DbEntities", "ServiceFairy.DbEntities\ServiceFairy.DbEntities.csproj", "{461B952D-19B3-4FCD-9D36-14848E794061}"
EndProject
Project("{FAE04EC0-301F-11D3-BF4B-00C04F79EFBC}") = "ServiceFairy.Service.Database", "ServiceFairy.Service.Database\ServiceFairy.Service.Database.csproj", "{3B27EDFF-0D30-4F31-9A68-83E3BEA1D85B}"
EndProject
Project("{FAE04EC0-301F-11D3-BF4B-00C04F79EFBC}") = "ServiceFairy.Service.DatabaseCenter", "ServiceFairy.Service.DatabaseCenter\ServiceFairy.Service.DatabaseCenter.csproj", "{D41FC3A2-7D3E-43CE-9DC6-2BB2BDF0B263}"
EndProject
Project("{FAE04EC0-301F-11D3-BF4B-00C04F79EFBC}") = "ServiceFairy.Core", "ServiceFairy.Core\ServiceFairy.Core.csproj", "{97C59EA0-2212-4F40-9093-DBA0FDC1C0F2}"
EndProject
Project("{FAE04EC0-301F-11D3-BF4B-00C04F79EFBC}") = "ServiceFairy.Service.Station", "ServiceFairy.Service.Station\ServiceFairy.Service.Station.csproj", "{9BAD6796-739F-4FC5-AFF8-73F2C6FB217B}"
EndProject
Project("{FAE04EC0-301F-11D3-BF4B-00C04F79EFBC}") = "ServiceFairy.Service.Group", "ServiceFairy.Service.Group\ServiceFairy.Service.Group.csproj", "{BE8DA337-B1EE-43C3-A136-71B63318C129}"
EndProject
Project("{FAE04EC0-301F-11D3-BF4B-00C04F79EFBC}") = "ServiceFairy.Service.Email", "ServiceFairy.Service.Email\ServiceFairy.Service.Email.csproj", "{7C2A1FBB-8E77-4E98-84C1-0EA43A8AD257}"
EndProject
Project("{FAE04EC0-301F-11D3-BF4B-00C04F79EFBC}") = "ServiceFairy.Service.UserCenter", "ServiceFairy.Service.UserCenter\ServiceFairy.Service.UserCenter.csproj", "{44390092-2FBC-4E24-A6F4-DC74F1EED246}"
EndProject
Project("{FAE04EC0-301F-11D3-BF4B-00C04F79EFBC}") = "ServiceFairy.Service.Test", "ServiceFairy.Service.Test\ServiceFairy.Service.Test.csproj", "{24E309AC-67E9-45CB-A3A0-C032D30B551A}"
EndProject
Project("{FAE04EC0-301F-11D3-BF4B-00C04F79EFBC}") = "ServiceFairy.Service.Watch", "ServiceFairy.Service.Watch\ServiceFairy.Service.Watch.csproj", "{8E949758-37C7-4CB6-A1EA-B60EC9D99C89}"
EndProject
Project("{FAE04EC0-301F-11D3-BF4B-00C04F79EFBC}") = "ServiceFairy.Service.FileCenter", "ServiceFairy.Service.FileCenter\ServiceFairy.Service.FileCenter.csproj", "{4249AD17-1A25-4A67-8339-99935FA90C7E}"
EndProject
Project("{FAE04EC0-301F-11D3-BF4B-00C04F79EFBC}") = "ServiceFairy.Service.RemoteProxy", "ServiceFairy.Service.RemoteProxy\ServiceFairy.Service.RemoteProxy.csproj", "{BF1D299B-9112-49BB-B2AA-DEC776E43F41}"
EndProject
Global
	GlobalSection(SolutionConfigurationPlatforms) = preSolution
		Debug|Any CPU = Debug|Any CPU
		Debug|Mixed Platforms = Debug|Mixed Platforms
		Debug|x86 = Debug|x86
		Release|Any CPU = Release|Any CPU
		Release|Mixed Platforms = Release|Mixed Platforms
		Release|x86 = Release|x86
	EndGlobalSection
	GlobalSection(ProjectConfigurationPlatforms) = postSolution
		{109B2C9F-98FB-4A7C-88DA-F52C61A61B72}.Debug|Any CPU.ActiveCfg = Debug|Any CPU
		{109B2C9F-98FB-4A7C-88DA-F52C61A61B72}.Debug|Any CPU.Build.0 = Debug|Any CPU
		{109B2C9F-98FB-4A7C-88DA-F52C61A61B72}.Debug|Mixed Platforms.ActiveCfg = Debug|Any CPU
		{109B2C9F-98FB-4A7C-88DA-F52C61A61B72}.Debug|Mixed Platforms.Build.0 = Debug|Any CPU
		{109B2C9F-98FB-4A7C-88DA-F52C61A61B72}.Debug|x86.ActiveCfg = Debug|Any CPU
		{109B2C9F-98FB-4A7C-88DA-F52C61A61B72}.Release|Any CPU.ActiveCfg = Release|Any CPU
		{109B2C9F-98FB-4A7C-88DA-F52C61A61B72}.Release|Any CPU.Build.0 = Release|Any CPU
		{109B2C9F-98FB-4A7C-88DA-F52C61A61B72}.Release|Mixed Platforms.ActiveCfg = Release|Any CPU
		{109B2C9F-98FB-4A7C-88DA-F52C61A61B72}.Release|Mixed Platforms.Build.0 = Release|Any CPU
		{109B2C9F-98FB-4A7C-88DA-F52C61A61B72}.Release|x86.ActiveCfg = Release|Any CPU
		{24E309AC-67E9-45CB-A3A0-C032D30B551A}.Debug|Any CPU.ActiveCfg = Debug|Any CPU
		{24E309AC-67E9-45CB-A3A0-C032D30B551A}.Debug|Any CPU.Build.0 = Debug|Any CPU
		{24E309AC-67E9-45CB-A3A0-C032D30B551A}.Debug|Mixed Platforms.ActiveCfg = Debug|Any CPU
		{24E309AC-67E9-45CB-A3A0-C032D30B551A}.Debug|Mixed Platforms.Build.0 = Debug|Any CPU
		{24E309AC-67E9-45CB-A3A0-C032D30B551A}.Debug|x86.ActiveCfg = Debug|Any CPU
		{24E309AC-67E9-45CB-A3A0-C032D30B551A}.Release|Any CPU.ActiveCfg = Release|Any CPU
		{24E309AC-67E9-45CB-A3A0-C032D30B551A}.Release|Any CPU.Build.0 = Release|Any CPU
		{24E309AC-67E9-45CB-A3A0-C032D30B551A}.Release|Mixed Platforms.ActiveCfg = Release|Any CPU
		{24E309AC-67E9-45CB-A3A0-C032D30B551A}.Release|Mixed Platforms.Build.0 = Release|Any CPU
		{24E309AC-67E9-45CB-A3A0-C032D30B551A}.Release|x86.ActiveCfg = Release|Any CPU
		{26CDC440-E2C3-4AA0-9D4E-9213C7432ADD}.Debug|Any CPU.ActiveCfg = Debug|Any CPU
		{26CDC440-E2C3-4AA0-9D4E-9213C7432ADD}.Debug|Any CPU.Build.0 = Debug|Any CPU
		{26CDC440-E2C3-4AA0-9D4E-9213C7432ADD}.Debug|Mixed Platforms.ActiveCfg = Debug|Any CPU
		{26CDC440-E2C3-4AA0-9D4E-9213C7432ADD}.Debug|Mixed Platforms.Build.0 = Debug|Any CPU
		{26CDC440-E2C3-4AA0-9D4E-9213C7432ADD}.Debug|x86.ActiveCfg = Debug|Any CPU
		{26CDC440-E2C3-4AA0-9D4E-9213C7432ADD}.Release|Any CPU.ActiveCfg = Release|Any CPU
		{26CDC440-E2C3-4AA0-9D4E-9213C7432ADD}.Release|Any CPU.Build.0 = Release|Any CPU
		{26CDC440-E2C3-4AA0-9D4E-9213C7432ADD}.Release|Mixed Platforms.ActiveCfg = Release|Any CPU
		{26CDC440-E2C3-4AA0-9D4E-9213C7432ADD}.Release|Mixed Platforms.Build.0 = Release|Any CPU
		{26CDC440-E2C3-4AA0-9D4E-9213C7432ADD}.Release|x86.ActiveCfg = Release|Any CPU
		{2EAFF914-60F5-4CDD-9FBB-35A0BD8AFD3A}.Debug|Any CPU.ActiveCfg = Debug|Any CPU
		{2EAFF914-60F5-4CDD-9FBB-35A0BD8AFD3A}.Debug|Any CPU.Build.0 = Debug|Any CPU
		{2EAFF914-60F5-4CDD-9FBB-35A0BD8AFD3A}.Debug|Mixed Platforms.ActiveCfg = Debug|Any CPU
		{2EAFF914-60F5-4CDD-9FBB-35A0BD8AFD3A}.Debug|Mixed Platforms.Build.0 = Debug|Any CPU
		{2EAFF914-60F5-4CDD-9FBB-35A0BD8AFD3A}.Debug|x86.ActiveCfg = Debug|Any CPU
		{2EAFF914-60F5-4CDD-9FBB-35A0BD8AFD3A}.Release|Any CPU.ActiveCfg = Release|Any CPU
		{2EAFF914-60F5-4CDD-9FBB-35A0BD8AFD3A}.Release|Any CPU.Build.0 = Release|Any CPU
		{2EAFF914-60F5-4CDD-9FBB-35A0BD8AFD3A}.Release|Mixed Platforms.ActiveCfg = Release|Any CPU
		{2EAFF914-60F5-4CDD-9FBB-35A0BD8AFD3A}.Release|Mixed Platforms.Build.0 = Release|Any CPU
		{2EAFF914-60F5-4CDD-9FBB-35A0BD8AFD3A}.Release|x86.ActiveCfg = Release|Any CPU
		{37A3AF07-FE74-47BC-BD6B-49EAF7AD8392}.Debug|Any CPU.ActiveCfg = Debug|Any CPU
		{37A3AF07-FE74-47BC-BD6B-49EAF7AD8392}.Debug|Any CPU.Build.0 = Debug|Any CPU
		{37A3AF07-FE74-47BC-BD6B-49EAF7AD8392}.Debug|Mixed Platforms.ActiveCfg = Debug|Any CPU
		{37A3AF07-FE74-47BC-BD6B-49EAF7AD8392}.Debug|Mixed Platforms.Build.0 = Debug|Any CPU
		{37A3AF07-FE74-47BC-BD6B-49EAF7AD8392}.Debug|x86.ActiveCfg = Debug|Any CPU
		{37A3AF07-FE74-47BC-BD6B-49EAF7AD8392}.Release|Any CPU.ActiveCfg = Release|Any CPU
		{37A3AF07-FE74-47BC-BD6B-49EAF7AD8392}.Release|Any CPU.Build.0 = Release|Any CPU
		{37A3AF07-FE74-47BC-BD6B-49EAF7AD8392}.Release|Mixed Platforms.ActiveCfg = Release|Any CPU
		{37A3AF07-FE74-47BC-BD6B-49EAF7AD8392}.Release|Mixed Platforms.Build.0 = Release|Any CPU
		{37A3AF07-FE74-47BC-BD6B-49EAF7AD8392}.Release|x86.ActiveCfg = Release|Any CPU
		{3B27EDFF-0D30-4F31-9A68-83E3BEA1D85B}.Debug|Any CPU.ActiveCfg = Debug|Any CPU
		{3B27EDFF-0D30-4F31-9A68-83E3BEA1D85B}.Debug|Any CPU.Build.0 = Debug|Any CPU
		{3B27EDFF-0D30-4F31-9A68-83E3BEA1D85B}.Debug|Mixed Platforms.ActiveCfg = Debug|Any CPU
		{3B27EDFF-0D30-4F31-9A68-83E3BEA1D85B}.Debug|Mixed Platforms.Build.0 = Debug|Any CPU
		{3B27EDFF-0D30-4F31-9A68-83E3BEA1D85B}.Debug|x86.ActiveCfg = Debug|Any CPU
		{3B27EDFF-0D30-4F31-9A68-83E3BEA1D85B}.Release|Any CPU.ActiveCfg = Release|Any CPU
		{3B27EDFF-0D30-4F31-9A68-83E3BEA1D85B}.Release|Any CPU.Build.0 = Release|Any CPU
		{3B27EDFF-0D30-4F31-9A68-83E3BEA1D85B}.Release|Mixed Platforms.ActiveCfg = Release|Any CPU
		{3B27EDFF-0D30-4F31-9A68-83E3BEA1D85B}.Release|Mixed Platforms.Build.0 = Release|Any CPU
		{3B27EDFF-0D30-4F31-9A68-83E3BEA1D85B}.Release|x86.ActiveCfg = Release|Any CPU
		{4249AD17-1A25-4A67-8339-99935FA90C7E}.Debug|Any CPU.ActiveCfg = Debug|Any CPU
		{4249AD17-1A25-4A67-8339-99935FA90C7E}.Debug|Any CPU.Build.0 = Debug|Any CPU
		{4249AD17-1A25-4A67-8339-99935FA90C7E}.Debug|Mixed Platforms.ActiveCfg = Debug|Any CPU
		{4249AD17-1A25-4A67-8339-99935FA90C7E}.Debug|Mixed Platforms.Build.0 = Debug|Any CPU
		{4249AD17-1A25-4A67-8339-99935FA90C7E}.Debug|x86.ActiveCfg = Debug|Any CPU
		{4249AD17-1A25-4A67-8339-99935FA90C7E}.Release|Any CPU.ActiveCfg = Release|Any CPU
		{4249AD17-1A25-4A67-8339-99935FA90C7E}.Release|Any CPU.Build.0 = Release|Any CPU
		{4249AD17-1A25-4A67-8339-99935FA90C7E}.Release|Mixed Platforms.ActiveCfg = Release|Any CPU
		{4249AD17-1A25-4A67-8339-99935FA90C7E}.Release|Mixed Platforms.Build.0 = Release|Any CPU
		{4249AD17-1A25-4A67-8339-99935FA90C7E}.Release|x86.ActiveCfg = Release|Any CPU
		{44390092-2FBC-4E24-A6F4-DC74F1EED246}.Debug|Any CPU.ActiveCfg = Debug|Any CPU
		{44390092-2FBC-4E24-A6F4-DC74F1EED246}.Debug|Any CPU.Build.0 = Debug|Any CPU
		{44390092-2FBC-4E24-A6F4-DC74F1EED246}.Debug|Mixed Platforms.ActiveCfg = Debug|Any CPU
		{44390092-2FBC-4E24-A6F4-DC74F1EED246}.Debug|Mixed Platforms.Build.0 = Debug|Any CPU
		{44390092-2FBC-4E24-A6F4-DC74F1EED246}.Debug|x86.ActiveCfg = Debug|Any CPU
		{44390092-2FBC-4E24-A6F4-DC74F1EED246}.Release|Any CPU.ActiveCfg = Release|Any CPU
		{44390092-2FBC-4E24-A6F4-DC74F1EED246}.Release|Any CPU.Build.0 = Release|Any CPU
		{44390092-2FBC-4E24-A6F4-DC74F1EED246}.Release|Mixed Platforms.ActiveCfg = Release|Any CPU
		{44390092-2FBC-4E24-A6F4-DC74F1EED246}.Release|Mixed Platforms.Build.0 = Release|Any CPU
		{44390092-2FBC-4E24-A6F4-DC74F1EED246}.Release|x86.ActiveCfg = Release|Any CPU
		{461B952D-19B3-4FCD-9D36-14848E794061}.Debug|Any CPU.ActiveCfg = Debug|x86
		{461B952D-19B3-4FCD-9D36-14848E794061}.Debug|Mixed Platforms.ActiveCfg = Debug|x86
		{461B952D-19B3-4FCD-9D36-14848E794061}.Debug|Mixed Platforms.Build.0 = Debug|x86
		{461B952D-19B3-4FCD-9D36-14848E794061}.Debug|x86.ActiveCfg = Debug|x86
		{461B952D-19B3-4FCD-9D36-14848E794061}.Debug|x86.Build.0 = Debug|x86
		{461B952D-19B3-4FCD-9D36-14848E794061}.Release|Any CPU.ActiveCfg = Release|x86
		{461B952D-19B3-4FCD-9D36-14848E794061}.Release|Mixed Platforms.ActiveCfg = Release|x86
		{461B952D-19B3-4FCD-9D36-14848E794061}.Release|Mixed Platforms.Build.0 = Release|x86
		{461B952D-19B3-4FCD-9D36-14848E794061}.Release|x86.ActiveCfg = Release|x86
		{461B952D-19B3-4FCD-9D36-14848E794061}.Release|x86.Build.0 = Release|x86
		{4930AD49-98E9-46C5-8910-4FCBD5D7E5D1}.Debug|Any CPU.ActiveCfg = Debug|Any CPU
		{4930AD49-98E9-46C5-8910-4FCBD5D7E5D1}.Debug|Any CPU.Build.0 = Debug|Any CPU
		{4930AD49-98E9-46C5-8910-4FCBD5D7E5D1}.Debug|Mixed Platforms.ActiveCfg = Debug|Any CPU
		{4930AD49-98E9-46C5-8910-4FCBD5D7E5D1}.Debug|Mixed Platforms.Build.0 = Debug|Any CPU
		{4930AD49-98E9-46C5-8910-4FCBD5D7E5D1}.Debug|x86.ActiveCfg = Debug|Any CPU
		{4930AD49-98E9-46C5-8910-4FCBD5D7E5D1}.Release|Any CPU.ActiveCfg = Release|Any CPU
		{4930AD49-98E9-46C5-8910-4FCBD5D7E5D1}.Release|Any CPU.Build.0 = Release|Any CPU
		{4930AD49-98E9-46C5-8910-4FCBD5D7E5D1}.Release|Mixed Platforms.ActiveCfg = Release|Any CPU
		{4930AD49-98E9-46C5-8910-4FCBD5D7E5D1}.Release|Mixed Platforms.Build.0 = Release|Any CPU
		{4930AD49-98E9-46C5-8910-4FCBD5D7E5D1}.Release|x86.ActiveCfg = Release|Any CPU
		{4AE3CC0F-3B7C-46FD-B215-C4CD2B7249A2}.Debug|Any CPU.ActiveCfg = Debug|Any CPU
		{4AE3CC0F-3B7C-46FD-B215-C4CD2B7249A2}.Debug|Any CPU.Build.0 = Debug|Any CPU
		{4AE3CC0F-3B7C-46FD-B215-C4CD2B7249A2}.Debug|Mixed Platforms.ActiveCfg = Debug|Any CPU
		{4AE3CC0F-3B7C-46FD-B215-C4CD2B7249A2}.Debug|Mixed Platforms.Build.0 = Debug|Any CPU
		{4AE3CC0F-3B7C-46FD-B215-C4CD2B7249A2}.Debug|x86.ActiveCfg = Debug|Any CPU
		{4AE3CC0F-3B7C-46FD-B215-C4CD2B7249A2}.Release|Any CPU.ActiveCfg = Release|Any CPU
		{4AE3CC0F-3B7C-46FD-B215-C4CD2B7249A2}.Release|Any CPU.Build.0 = Release|Any CPU
		{4AE3CC0F-3B7C-46FD-B215-C4CD2B7249A2}.Release|Mixed Platforms.ActiveCfg = Release|Any CPU
		{4AE3CC0F-3B7C-46FD-B215-C4CD2B7249A2}.Release|Mixed Platforms.Build.0 = Release|Any CPU
		{4AE3CC0F-3B7C-46FD-B215-C4CD2B7249A2}.Release|x86.ActiveCfg = Release|Any CPU
		{4CA3ED66-1DA0-4621-AC56-254D099ED9C7}.Debug|Any CPU.ActiveCfg = Debug|Any CPU
		{4CA3ED66-1DA0-4621-AC56-254D099ED9C7}.Debug|Any CPU.Build.0 = Debug|Any CPU
		{4CA3ED66-1DA0-4621-AC56-254D099ED9C7}.Debug|Mixed Platforms.ActiveCfg = Debug|Any CPU
		{4CA3ED66-1DA0-4621-AC56-254D099ED9C7}.Debug|Mixed Platforms.Build.0 = Debug|Any CPU
		{4CA3ED66-1DA0-4621-AC56-254D099ED9C7}.Debug|x86.ActiveCfg = Debug|Any CPU
		{4CA3ED66-1DA0-4621-AC56-254D099ED9C7}.Release|Any CPU.ActiveCfg = Release|Any CPU
		{4CA3ED66-1DA0-4621-AC56-254D099ED9C7}.Release|Any CPU.Build.0 = Release|Any CPU
		{4CA3ED66-1DA0-4621-AC56-254D099ED9C7}.Release|Mixed Platforms.ActiveCfg = Release|Any CPU
		{4CA3ED66-1DA0-4621-AC56-254D099ED9C7}.Release|Mixed Platforms.Build.0 = Release|Any CPU
		{4CA3ED66-1DA0-4621-AC56-254D099ED9C7}.Release|x86.ActiveCfg = Release|Any CPU
		{5288DAA0-DA8C-4742-82E9-0BF67C732C48}.Debug|Any CPU.ActiveCfg = Debug|Any CPU
		{5288DAA0-DA8C-4742-82E9-0BF67C732C48}.Debug|Any CPU.Build.0 = Debug|Any CPU
		{5288DAA0-DA8C-4742-82E9-0BF67C732C48}.Debug|Mixed Platforms.ActiveCfg = Debug|Any CPU
		{5288DAA0-DA8C-4742-82E9-0BF67C732C48}.Debug|Mixed Platforms.Build.0 = Debug|Any CPU
		{5288DAA0-DA8C-4742-82E9-0BF67C732C48}.Debug|x86.ActiveCfg = Debug|Any CPU
		{5288DAA0-DA8C-4742-82E9-0BF67C732C48}.Release|Any CPU.ActiveCfg = Release|Any CPU
		{5288DAA0-DA8C-4742-82E9-0BF67C732C48}.Release|Any CPU.Build.0 = Release|Any CPU
		{5288DAA0-DA8C-4742-82E9-0BF67C732C48}.Release|Mixed Platforms.ActiveCfg = Release|Any CPU
		{5288DAA0-DA8C-4742-82E9-0BF67C732C48}.Release|Mixed Platforms.Build.0 = Release|Any CPU
		{5288DAA0-DA8C-4742-82E9-0BF67C732C48}.Release|x86.ActiveCfg = Release|Any CPU
		{56B163B4-AD6F-44E1-B6A6-84C58D590F87}.Debug|Any CPU.ActiveCfg = Debug|Any CPU
		{56B163B4-AD6F-44E1-B6A6-84C58D590F87}.Debug|Any CPU.Build.0 = Debug|Any CPU
		{56B163B4-AD6F-44E1-B6A6-84C58D590F87}.Debug|Mixed Platforms.ActiveCfg = Debug|Any CPU
		{56B163B4-AD6F-44E1-B6A6-84C58D590F87}.Debug|Mixed Platforms.Build.0 = Debug|Any CPU
		{56B163B4-AD6F-44E1-B6A6-84C58D590F87}.Debug|x86.ActiveCfg = Debug|Any CPU
		{56B163B4-AD6F-44E1-B6A6-84C58D590F87}.Release|Any CPU.ActiveCfg = Release|Any CPU
		{56B163B4-AD6F-44E1-B6A6-84C58D590F87}.Release|Any CPU.Build.0 = Release|Any CPU
		{56B163B4-AD6F-44E1-B6A6-84C58D590F87}.Release|Mixed Platforms.ActiveCfg = Release|Any CPU
		{56B163B4-AD6F-44E1-B6A6-84C58D590F87}.Release|Mixed Platforms.Build.0 = Release|Any CPU
		{56B163B4-AD6F-44E1-B6A6-84C58D590F87}.Release|x86.ActiveCfg = Release|Any CPU
		{5B657644-8038-44E7-895B-F6A82AD596EE}.Debug|Any CPU.ActiveCfg = Debug|x86
		{5B657644-8038-44E7-895B-F6A82AD596EE}.Debug|Mixed Platforms.ActiveCfg = Debug|x86
		{5B657644-8038-44E7-895B-F6A82AD596EE}.Debug|Mixed Platforms.Build.0 = Debug|x86
		{5B657644-8038-44E7-895B-F6A82AD596EE}.Debug|x86.ActiveCfg = Debug|x86
		{5B657644-8038-44E7-895B-F6A82AD596EE}.Debug|x86.Build.0 = Debug|x86
		{5B657644-8038-44E7-895B-F6A82AD596EE}.Release|Any CPU.ActiveCfg = Release|x86
		{5B657644-8038-44E7-895B-F6A82AD596EE}.Release|Mixed Platforms.ActiveCfg = Release|x86
		{5B657644-8038-44E7-895B-F6A82AD596EE}.Release|Mixed Platforms.Build.0 = Release|x86
		{5B657644-8038-44E7-895B-F6A82AD596EE}.Release|x86.ActiveCfg = Release|x86
		{5B657644-8038-44E7-895B-F6A82AD596EE}.Release|x86.Build.0 = Release|x86
		{60FF6814-6AF5-4869-9F3C-DDA4CDC03262}.Debug|Any CPU.ActiveCfg = Debug|Any CPU
		{60FF6814-6AF5-4869-9F3C-DDA4CDC03262}.Debug|Any CPU.Build.0 = Debug|Any CPU
		{60FF6814-6AF5-4869-9F3C-DDA4CDC03262}.Debug|Mixed Platforms.ActiveCfg = Debug|Any CPU
		{60FF6814-6AF5-4869-9F3C-DDA4CDC03262}.Debug|Mixed Platforms.Build.0 = Debug|Any CPU
		{60FF6814-6AF5-4869-9F3C-DDA4CDC03262}.Debug|x86.ActiveCfg = Debug|Any CPU
		{60FF6814-6AF5-4869-9F3C-DDA4CDC03262}.Release|Any CPU.ActiveCfg = Release|Any CPU
		{60FF6814-6AF5-4869-9F3C-DDA4CDC03262}.Release|Any CPU.Build.0 = Release|Any CPU
		{60FF6814-6AF5-4869-9F3C-DDA4CDC03262}.Release|Mixed Platforms.ActiveCfg = Release|Any CPU
		{60FF6814-6AF5-4869-9F3C-DDA4CDC03262}.Release|Mixed Platforms.Build.0 = Release|Any CPU
		{60FF6814-6AF5-4869-9F3C-DDA4CDC03262}.Release|x86.ActiveCfg = Release|Any CPU
		{6AB02A27-4926-4725-BFE1-1CF763DD21A5}.Debug|Any CPU.ActiveCfg = Debug|Any CPU
		{6AB02A27-4926-4725-BFE1-1CF763DD21A5}.Debug|Any CPU.Build.0 = Debug|Any CPU
		{6AB02A27-4926-4725-BFE1-1CF763DD21A5}.Debug|Mixed Platforms.ActiveCfg = Debug|Any CPU
		{6AB02A27-4926-4725-BFE1-1CF763DD21A5}.Debug|Mixed Platforms.Build.0 = Debug|Any CPU
		{6AB02A27-4926-4725-BFE1-1CF763DD21A5}.Debug|x86.ActiveCfg = Debug|Any CPU
		{6AB02A27-4926-4725-BFE1-1CF763DD21A5}.Release|Any CPU.ActiveCfg = Release|Any CPU
		{6AB02A27-4926-4725-BFE1-1CF763DD21A5}.Release|Any CPU.Build.0 = Release|Any CPU
		{6AB02A27-4926-4725-BFE1-1CF763DD21A5}.Release|Mixed Platforms.ActiveCfg = Release|Any CPU
		{6AB02A27-4926-4725-BFE1-1CF763DD21A5}.Release|Mixed Platforms.Build.0 = Release|Any CPU
		{6AB02A27-4926-4725-BFE1-1CF763DD21A5}.Release|x86.ActiveCfg = Release|Any CPU
		{7AE561D4-B7EC-467F-B89C-0D531ECAD9CE}.Debug|Any CPU.ActiveCfg = Debug|Any CPU
		{7AE561D4-B7EC-467F-B89C-0D531ECAD9CE}.Debug|Any CPU.Build.0 = Debug|Any CPU
		{7AE561D4-B7EC-467F-B89C-0D531ECAD9CE}.Debug|Mixed Platforms.ActiveCfg = Debug|Any CPU
		{7AE561D4-B7EC-467F-B89C-0D531ECAD9CE}.Debug|Mixed Platforms.Build.0 = Debug|Any CPU
		{7AE561D4-B7EC-467F-B89C-0D531ECAD9CE}.Debug|x86.ActiveCfg = Debug|Any CPU
		{7AE561D4-B7EC-467F-B89C-0D531ECAD9CE}.Release|Any CPU.ActiveCfg = Release|Any CPU
		{7AE561D4-B7EC-467F-B89C-0D531ECAD9CE}.Release|Any CPU.Build.0 = Release|Any CPU
		{7AE561D4-B7EC-467F-B89C-0D531ECAD9CE}.Release|Mixed Platforms.ActiveCfg = Release|Any CPU
		{7AE561D4-B7EC-467F-B89C-0D531ECAD9CE}.Release|Mixed Platforms.Build.0 = Release|Any CPU
		{7AE561D4-B7EC-467F-B89C-0D531ECAD9CE}.Release|x86.ActiveCfg = Release|Any CPU
		{7C2A1FBB-8E77-4E98-84C1-0EA43A8AD257}.Debug|Any CPU.ActiveCfg = Debug|Any CPU
		{7C2A1FBB-8E77-4E98-84C1-0EA43A8AD257}.Debug|Any CPU.Build.0 = Debug|Any CPU
		{7C2A1FBB-8E77-4E98-84C1-0EA43A8AD257}.Debug|Mixed Platforms.ActiveCfg = Debug|Any CPU
		{7C2A1FBB-8E77-4E98-84C1-0EA43A8AD257}.Debug|Mixed Platforms.Build.0 = Debug|Any CPU
		{7C2A1FBB-8E77-4E98-84C1-0EA43A8AD257}.Debug|x86.ActiveCfg = Debug|Any CPU
		{7C2A1FBB-8E77-4E98-84C1-0EA43A8AD257}.Release|Any CPU.ActiveCfg = Release|Any CPU
		{7C2A1FBB-8E77-4E98-84C1-0EA43A8AD257}.Release|Any CPU.Build.0 = Release|Any CPU
		{7C2A1FBB-8E77-4E98-84C1-0EA43A8AD257}.Release|Mixed Platforms.ActiveCfg = Release|Any CPU
		{7C2A1FBB-8E77-4E98-84C1-0EA43A8AD257}.Release|Mixed Platforms.Build.0 = Release|Any CPU
		{7C2A1FBB-8E77-4E98-84C1-0EA43A8AD257}.Release|x86.ActiveCfg = Release|Any CPU
		{7D245202-5271-4469-8D69-E4FB5CA454AB}.Debug|Any CPU.ActiveCfg = Debug|Any CPU
		{7D245202-5271-4469-8D69-E4FB5CA454AB}.Debug|Any CPU.Build.0 = Debug|Any CPU
		{7D245202-5271-4469-8D69-E4FB5CA454AB}.Debug|Mixed Platforms.ActiveCfg = Debug|Any CPU
		{7D245202-5271-4469-8D69-E4FB5CA454AB}.Debug|Mixed Platforms.Build.0 = Debug|Any CPU
		{7D245202-5271-4469-8D69-E4FB5CA454AB}.Debug|x86.ActiveCfg = Debug|Any CPU
		{7D245202-5271-4469-8D69-E4FB5CA454AB}.Release|Any CPU.ActiveCfg = Release|Any CPU
		{7D245202-5271-4469-8D69-E4FB5CA454AB}.Release|Any CPU.Build.0 = Release|Any CPU
		{7D245202-5271-4469-8D69-E4FB5CA454AB}.Release|Mixed Platforms.ActiveCfg = Release|Any CPU
		{7D245202-5271-4469-8D69-E4FB5CA454AB}.Release|Mixed Platforms.Build.0 = Release|Any CPU
		{7D245202-5271-4469-8D69-E4FB5CA454AB}.Release|x86.ActiveCfg = Release|Any CPU
		{8BB052AF-7B66-4839-9253-E8F07A1B540F}.Debug|Any CPU.ActiveCfg = Debug|Any CPU
		{8BB052AF-7B66-4839-9253-E8F07A1B540F}.Debug|Any CPU.Build.0 = Debug|Any CPU
		{8BB052AF-7B66-4839-9253-E8F07A1B540F}.Debug|Mixed Platforms.ActiveCfg = Debug|Any CPU
		{8BB052AF-7B66-4839-9253-E8F07A1B540F}.Debug|Mixed Platforms.Build.0 = Debug|Any CPU
		{8BB052AF-7B66-4839-9253-E8F07A1B540F}.Debug|x86.ActiveCfg = Debug|Any CPU
		{8BB052AF-7B66-4839-9253-E8F07A1B540F}.Release|Any CPU.ActiveCfg = Release|Any CPU
		{8BB052AF-7B66-4839-9253-E8F07A1B540F}.Release|Any CPU.Build.0 = Release|Any CPU
		{8BB052AF-7B66-4839-9253-E8F07A1B540F}.Release|Mixed Platforms.ActiveCfg = Release|Any CPU
		{8BB052AF-7B66-4839-9253-E8F07A1B540F}.Release|Mixed Platforms.Build.0 = Release|Any CPU
		{8BB052AF-7B66-4839-9253-E8F07A1B540F}.Release|x86.ActiveCfg = Release|Any CPU
		{8E949758-37C7-4CB6-A1EA-B60EC9D99C89}.Debug|Any CPU.ActiveCfg = Debug|Any CPU
		{8E949758-37C7-4CB6-A1EA-B60EC9D99C89}.Debug|Any CPU.Build.0 = Debug|Any CPU
		{8E949758-37C7-4CB6-A1EA-B60EC9D99C89}.Debug|Mixed Platforms.ActiveCfg = Debug|Any CPU
		{8E949758-37C7-4CB6-A1EA-B60EC9D99C89}.Debug|Mixed Platforms.Build.0 = Debug|Any CPU
		{8E949758-37C7-4CB6-A1EA-B60EC9D99C89}.Debug|x86.ActiveCfg = Debug|Any CPU
		{8E949758-37C7-4CB6-A1EA-B60EC9D99C89}.Release|Any CPU.ActiveCfg = Release|Any CPU
		{8E949758-37C7-4CB6-A1EA-B60EC9D99C89}.Release|Any CPU.Build.0 = Release|Any CPU
		{8E949758-37C7-4CB6-A1EA-B60EC9D99C89}.Release|Mixed Platforms.ActiveCfg = Release|Any CPU
		{8E949758-37C7-4CB6-A1EA-B60EC9D99C89}.Release|Mixed Platforms.Build.0 = Release|Any CPU
		{8E949758-37C7-4CB6-A1EA-B60EC9D99C89}.Release|x86.ActiveCfg = Release|Any CPU
		{915745C6-F6D5-45E6-AB2E-E0D087E19EF7}.Debug|Any CPU.ActiveCfg = Debug|Any CPU
		{915745C6-F6D5-45E6-AB2E-E0D087E19EF7}.Debug|Any CPU.Build.0 = Debug|Any CPU
		{915745C6-F6D5-45E6-AB2E-E0D087E19EF7}.Debug|Mixed Platforms.ActiveCfg = Debug|Any CPU
		{915745C6-F6D5-45E6-AB2E-E0D087E19EF7}.Debug|Mixed Platforms.Build.0 = Debug|Any CPU
		{915745C6-F6D5-45E6-AB2E-E0D087E19EF7}.Debug|x86.ActiveCfg = Debug|Any CPU
		{915745C6-F6D5-45E6-AB2E-E0D087E19EF7}.Release|Any CPU.ActiveCfg = Release|Any CPU
		{915745C6-F6D5-45E6-AB2E-E0D087E19EF7}.Release|Any CPU.Build.0 = Release|Any CPU
		{915745C6-F6D5-45E6-AB2E-E0D087E19EF7}.Release|Mixed Platforms.ActiveCfg = Release|Any CPU
		{915745C6-F6D5-45E6-AB2E-E0D087E19EF7}.Release|Mixed Platforms.Build.0 = Release|Any CPU
		{915745C6-F6D5-45E6-AB2E-E0D087E19EF7}.Release|x86.ActiveCfg = Release|Any CPU
		{97C59EA0-2212-4F40-9093-DBA0FDC1C0F2}.Debug|Any CPU.ActiveCfg = Debug|Any CPU
		{97C59EA0-2212-4F40-9093-DBA0FDC1C0F2}.Debug|Any CPU.Build.0 = Debug|Any CPU
		{97C59EA0-2212-4F40-9093-DBA0FDC1C0F2}.Debug|Mixed Platforms.ActiveCfg = Debug|Any CPU
		{97C59EA0-2212-4F40-9093-DBA0FDC1C0F2}.Debug|Mixed Platforms.Build.0 = Debug|Any CPU
		{97C59EA0-2212-4F40-9093-DBA0FDC1C0F2}.Debug|x86.ActiveCfg = Debug|Any CPU
		{97C59EA0-2212-4F40-9093-DBA0FDC1C0F2}.Release|Any CPU.ActiveCfg = Release|Any CPU
		{97C59EA0-2212-4F40-9093-DBA0FDC1C0F2}.Release|Any CPU.Build.0 = Release|Any CPU
		{97C59EA0-2212-4F40-9093-DBA0FDC1C0F2}.Release|Mixed Platforms.ActiveCfg = Release|Any CPU
		{97C59EA0-2212-4F40-9093-DBA0FDC1C0F2}.Release|Mixed Platforms.Build.0 = Release|Any CPU
		{97C59EA0-2212-4F40-9093-DBA0FDC1C0F2}.Release|x86.ActiveCfg = Release|Any CPU
		{9BAD6796-739F-4FC5-AFF8-73F2C6FB217B}.Debug|Any CPU.ActiveCfg = Debug|Any CPU
		{9BAD6796-739F-4FC5-AFF8-73F2C6FB217B}.Debug|Any CPU.Build.0 = Debug|Any CPU
		{9BAD6796-739F-4FC5-AFF8-73F2C6FB217B}.Debug|Mixed Platforms.ActiveCfg = Debug|Any CPU
		{9BAD6796-739F-4FC5-AFF8-73F2C6FB217B}.Debug|Mixed Platforms.Build.0 = Debug|Any CPU
		{9BAD6796-739F-4FC5-AFF8-73F2C6FB217B}.Debug|x86.ActiveCfg = Debug|Any CPU
		{9BAD6796-739F-4FC5-AFF8-73F2C6FB217B}.Release|Any CPU.ActiveCfg = Release|Any CPU
		{9BAD6796-739F-4FC5-AFF8-73F2C6FB217B}.Release|Any CPU.Build.0 = Release|Any CPU
		{9BAD6796-739F-4FC5-AFF8-73F2C6FB217B}.Release|Mixed Platforms.ActiveCfg = Release|Any CPU
		{9BAD6796-739F-4FC5-AFF8-73F2C6FB217B}.Release|Mixed Platforms.Build.0 = Release|Any CPU
		{9BAD6796-739F-4FC5-AFF8-73F2C6FB217B}.Release|x86.ActiveCfg = Release|Any CPU
		{9C97E9AD-5D51-42C6-99B3-56C59926D0E0}.Debug|Any CPU.ActiveCfg = Debug|Any CPU
		{9C97E9AD-5D51-42C6-99B3-56C59926D0E0}.Debug|Any CPU.Build.0 = Debug|Any CPU
		{9C97E9AD-5D51-42C6-99B3-56C59926D0E0}.Debug|Mixed Platforms.ActiveCfg = Debug|Any CPU
		{9C97E9AD-5D51-42C6-99B3-56C59926D0E0}.Debug|Mixed Platforms.Build.0 = Debug|Any CPU
		{9C97E9AD-5D51-42C6-99B3-56C59926D0E0}.Debug|x86.ActiveCfg = Debug|Any CPU
		{9C97E9AD-5D51-42C6-99B3-56C59926D0E0}.Release|Any CPU.ActiveCfg = Release|Any CPU
		{9C97E9AD-5D51-42C6-99B3-56C59926D0E0}.Release|Any CPU.Build.0 = Release|Any CPU
		{9C97E9AD-5D51-42C6-99B3-56C59926D0E0}.Release|Mixed Platforms.ActiveCfg = Release|Any CPU
		{9C97E9AD-5D51-42C6-99B3-56C59926D0E0}.Release|Mixed Platforms.Build.0 = Release|Any CPU
		{9C97E9AD-5D51-42C6-99B3-56C59926D0E0}.Release|x86.ActiveCfg = Release|Any CPU
		{9EC4108F-5E8C-470F-9729-0423A8DE51F6}.Debug|Any CPU.ActiveCfg = Debug|Any CPU
		{9EC4108F-5E8C-470F-9729-0423A8DE51F6}.Debug|Any CPU.Build.0 = Debug|Any CPU
		{9EC4108F-5E8C-470F-9729-0423A8DE51F6}.Debug|Mixed Platforms.ActiveCfg = Debug|Any CPU
		{9EC4108F-5E8C-470F-9729-0423A8DE51F6}.Debug|Mixed Platforms.Build.0 = Debug|Any CPU
		{9EC4108F-5E8C-470F-9729-0423A8DE51F6}.Debug|x86.ActiveCfg = Debug|Any CPU
		{9EC4108F-5E8C-470F-9729-0423A8DE51F6}.Release|Any CPU.ActiveCfg = Release|Any CPU
		{9EC4108F-5E8C-470F-9729-0423A8DE51F6}.Release|Any CPU.Build.0 = Release|Any CPU
		{9EC4108F-5E8C-470F-9729-0423A8DE51F6}.Release|Mixed Platforms.ActiveCfg = Release|Any CPU
		{9EC4108F-5E8C-470F-9729-0423A8DE51F6}.Release|Mixed Platforms.Build.0 = Release|Any CPU
		{9EC4108F-5E8C-470F-9729-0423A8DE51F6}.Release|x86.ActiveCfg = Release|Any CPU
		{AF000ADF-1CD5-4301-9971-5211AA0B0225}.Debug|Any CPU.ActiveCfg = Debug|Any CPU
		{AF000ADF-1CD5-4301-9971-5211AA0B0225}.Debug|Any CPU.Build.0 = Debug|Any CPU
		{AF000ADF-1CD5-4301-9971-5211AA0B0225}.Debug|Mixed Platforms.ActiveCfg = Debug|Any CPU
		{AF000ADF-1CD5-4301-9971-5211AA0B0225}.Debug|Mixed Platforms.Build.0 = Debug|Any CPU
		{AF000ADF-1CD5-4301-9971-5211AA0B0225}.Debug|x86.ActiveCfg = Debug|Any CPU
		{AF000ADF-1CD5-4301-9971-5211AA0B0225}.Release|Any CPU.ActiveCfg = Release|Any CPU
		{AF000ADF-1CD5-4301-9971-5211AA0B0225}.Release|Any CPU.Build.0 = Release|Any CPU
		{AF000ADF-1CD5-4301-9971-5211AA0B0225}.Release|Mixed Platforms.ActiveCfg = Release|Any CPU
		{AF000ADF-1CD5-4301-9971-5211AA0B0225}.Release|Mixed Platforms.Build.0 = Release|Any CPU
		{AF000ADF-1CD5-4301-9971-5211AA0B0225}.Release|x86.ActiveCfg = Release|Any CPU
		{AFF90909-CAE0-4A76-8E87-C8E7479A905F}.Debug|Any CPU.ActiveCfg = Debug|Any CPU
		{AFF90909-CAE0-4A76-8E87-C8E7479A905F}.Debug|Any CPU.Build.0 = Debug|Any CPU
		{AFF90909-CAE0-4A76-8E87-C8E7479A905F}.Debug|Mixed Platforms.ActiveCfg = Debug|Any CPU
		{AFF90909-CAE0-4A76-8E87-C8E7479A905F}.Debug|Mixed Platforms.Build.0 = Debug|Any CPU
		{AFF90909-CAE0-4A76-8E87-C8E7479A905F}.Debug|x86.ActiveCfg = Debug|Any CPU
		{AFF90909-CAE0-4A76-8E87-C8E7479A905F}.Release|Any CPU.ActiveCfg = Release|Any CPU
		{AFF90909-CAE0-4A76-8E87-C8E7479A905F}.Release|Any CPU.Build.0 = Release|Any CPU
		{AFF90909-CAE0-4A76-8E87-C8E7479A905F}.Release|Mixed Platforms.ActiveCfg = Release|Any CPU
		{AFF90909-CAE0-4A76-8E87-C8E7479A905F}.Release|Mixed Platforms.Build.0 = Release|Any CPU
		{AFF90909-CAE0-4A76-8E87-C8E7479A905F}.Release|x86.ActiveCfg = Release|Any CPU
		{BD7CEEFB-4DAB-4B91-95A4-C67685810BC7}.Debug|Any CPU.ActiveCfg = Debug|Any CPU
		{BD7CEEFB-4DAB-4B91-95A4-C67685810BC7}.Debug|Any CPU.Build.0 = Debug|Any CPU
		{BD7CEEFB-4DAB-4B91-95A4-C67685810BC7}.Debug|Mixed Platforms.ActiveCfg = Debug|Any CPU
		{BD7CEEFB-4DAB-4B91-95A4-C67685810BC7}.Debug|Mixed Platforms.Build.0 = Debug|Any CPU
		{BD7CEEFB-4DAB-4B91-95A4-C67685810BC7}.Debug|x86.ActiveCfg = Debug|Any CPU
		{BD7CEEFB-4DAB-4B91-95A4-C67685810BC7}.Release|Any CPU.ActiveCfg = Release|Any CPU
		{BD7CEEFB-4DAB-4B91-95A4-C67685810BC7}.Release|Any CPU.Build.0 = Release|Any CPU
		{BD7CEEFB-4DAB-4B91-95A4-C67685810BC7}.Release|Mixed Platforms.ActiveCfg = Release|Any CPU
		{BD7CEEFB-4DAB-4B91-95A4-C67685810BC7}.Release|Mixed Platforms.Build.0 = Release|Any CPU
		{BD7CEEFB-4DAB-4B91-95A4-C67685810BC7}.Release|x86.ActiveCfg = Release|Any CPU
		{BE8DA337-B1EE-43C3-A136-71B63318C129}.Debug|Any CPU.ActiveCfg = Debug|Any CPU
		{BE8DA337-B1EE-43C3-A136-71B63318C129}.Debug|Any CPU.Build.0 = Debug|Any CPU
		{BE8DA337-B1EE-43C3-A136-71B63318C129}.Debug|Mixed Platforms.ActiveCfg = Debug|Any CPU
		{BE8DA337-B1EE-43C3-A136-71B63318C129}.Debug|Mixed Platforms.Build.0 = Debug|Any CPU
		{BE8DA337-B1EE-43C3-A136-71B63318C129}.Debug|x86.ActiveCfg = Debug|Any CPU
		{BE8DA337-B1EE-43C3-A136-71B63318C129}.Release|Any CPU.ActiveCfg = Release|Any CPU
		{BE8DA337-B1EE-43C3-A136-71B63318C129}.Release|Any CPU.Build.0 = Release|Any CPU
		{BE8DA337-B1EE-43C3-A136-71B63318C129}.Release|Mixed Platforms.ActiveCfg = Release|Any CPU
		{BE8DA337-B1EE-43C3-A136-71B63318C129}.Release|Mixed Platforms.Build.0 = Release|Any CPU
		{BE8DA337-B1EE-43C3-A136-71B63318C129}.Release|x86.ActiveCfg = Release|Any CPU
		{BF1D299B-9112-49BB-B2AA-DEC776E43F41}.Debug|Any CPU.ActiveCfg = Debug|Any CPU
		{BF1D299B-9112-49BB-B2AA-DEC776E43F41}.Debug|Any CPU.Build.0 = Debug|Any CPU
		{BF1D299B-9112-49BB-B2AA-DEC776E43F41}.Debug|Mixed Platforms.ActiveCfg = Debug|Any CPU
		{BF1D299B-9112-49BB-B2AA-DEC776E43F41}.Debug|Mixed Platforms.Build.0 = Debug|Any CPU
		{BF1D299B-9112-49BB-B2AA-DEC776E43F41}.Debug|x86.ActiveCfg = Debug|Any CPU
		{BF1D299B-9112-49BB-B2AA-DEC776E43F41}.Release|Any CPU.ActiveCfg = Release|Any CPU
		{BF1D299B-9112-49BB-B2AA-DEC776E43F41}.Release|Any CPU.Build.0 = Release|Any CPU
		{BF1D299B-9112-49BB-B2AA-DEC776E43F41}.Release|Mixed Platforms.ActiveCfg = Release|Any CPU
		{BF1D299B-9112-49BB-B2AA-DEC776E43F41}.Release|Mixed Platforms.Build.0 = Release|Any CPU
		{BF1D299B-9112-49BB-B2AA-DEC776E43F41}.Release|x86.ActiveCfg = Release|Any CPU
		{D41FC3A2-7D3E-43CE-9DC6-2BB2BDF0B263}.Debug|Any CPU.ActiveCfg = Debug|Any CPU
		{D41FC3A2-7D3E-43CE-9DC6-2BB2BDF0B263}.Debug|Any CPU.Build.0 = Debug|Any CPU
		{D41FC3A2-7D3E-43CE-9DC6-2BB2BDF0B263}.Debug|Mixed Platforms.ActiveCfg = Debug|Any CPU
		{D41FC3A2-7D3E-43CE-9DC6-2BB2BDF0B263}.Debug|Mixed Platforms.Build.0 = Debug|Any CPU
		{D41FC3A2-7D3E-43CE-9DC6-2BB2BDF0B263}.Debug|x86.ActiveCfg = Debug|Any CPU
		{D41FC3A2-7D3E-43CE-9DC6-2BB2BDF0B263}.Release|Any CPU.ActiveCfg = Release|Any CPU
		{D41FC3A2-7D3E-43CE-9DC6-2BB2BDF0B263}.Release|Any CPU.Build.0 = Release|Any CPU
		{D41FC3A2-7D3E-43CE-9DC6-2BB2BDF0B263}.Release|Mixed Platforms.ActiveCfg = Release|Any CPU
		{D41FC3A2-7D3E-43CE-9DC6-2BB2BDF0B263}.Release|Mixed Platforms.Build.0 = Release|Any CPU
		{D41FC3A2-7D3E-43CE-9DC6-2BB2BDF0B263}.Release|x86.ActiveCfg = Release|Any CPU
		{D59BAD95-CF20-4497-B2F0-ED9639D251AB}.Debug|Any CPU.ActiveCfg = Debug|Any CPU
		{D59BAD95-CF20-4497-B2F0-ED9639D251AB}.Debug|Any CPU.Build.0 = Debug|Any CPU
		{D59BAD95-CF20-4497-B2F0-ED9639D251AB}.Debug|Mixed Platforms.ActiveCfg = Debug|Any CPU
		{D59BAD95-CF20-4497-B2F0-ED9639D251AB}.Debug|Mixed Platforms.Build.0 = Debug|Any CPU
		{D59BAD95-CF20-4497-B2F0-ED9639D251AB}.Debug|x86.ActiveCfg = Debug|Any CPU
		{D59BAD95-CF20-4497-B2F0-ED9639D251AB}.Release|Any CPU.ActiveCfg = Release|Any CPU
		{D59BAD95-CF20-4497-B2F0-ED9639D251AB}.Release|Any CPU.Build.0 = Release|Any CPU
		{D59BAD95-CF20-4497-B2F0-ED9639D251AB}.Release|Mixed Platforms.ActiveCfg = Release|Any CPU
		{D59BAD95-CF20-4497-B2F0-ED9639D251AB}.Release|Mixed Platforms.Build.0 = Release|Any CPU
		{D59BAD95-CF20-4497-B2F0-ED9639D251AB}.Release|x86.ActiveCfg = Release|Any CPU
		{D8942101-2B12-4574-930C-F850AE948A52}.Debug|Any CPU.ActiveCfg = Debug|Any CPU
		{D8942101-2B12-4574-930C-F850AE948A52}.Debug|Any CPU.Build.0 = Debug|Any CPU
		{D8942101-2B12-4574-930C-F850AE948A52}.Debug|Mixed Platforms.ActiveCfg = Debug|Any CPU
		{D8942101-2B12-4574-930C-F850AE948A52}.Debug|Mixed Platforms.Build.0 = Debug|Any CPU
		{D8942101-2B12-4574-930C-F850AE948A52}.Debug|x86.ActiveCfg = Debug|Any CPU
		{D8942101-2B12-4574-930C-F850AE948A52}.Release|Any CPU.ActiveCfg = Release|Any CPU
		{D8942101-2B12-4574-930C-F850AE948A52}.Release|Any CPU.Build.0 = Release|Any CPU
		{D8942101-2B12-4574-930C-F850AE948A52}.Release|Mixed Platforms.ActiveCfg = Release|Any CPU
		{D8942101-2B12-4574-930C-F850AE948A52}.Release|Mixed Platforms.Build.0 = Release|Any CPU
		{D8942101-2B12-4574-930C-F850AE948A52}.Release|x86.ActiveCfg = Release|Any CPU
		{DE2353F5-D22D-4B09-ADA6-09A7CA757ED1}.Debug|Any CPU.ActiveCfg = Debug|Any CPU
		{DE2353F5-D22D-4B09-ADA6-09A7CA757ED1}.Debug|Any CPU.Build.0 = Debug|Any CPU
		{DE2353F5-D22D-4B09-ADA6-09A7CA757ED1}.Debug|Mixed Platforms.ActiveCfg = Debug|Any CPU
		{DE2353F5-D22D-4B09-ADA6-09A7CA757ED1}.Debug|Mixed Platforms.Build.0 = Debug|Any CPU
		{DE2353F5-D22D-4B09-ADA6-09A7CA757ED1}.Debug|x86.ActiveCfg = Debug|Any CPU
		{DE2353F5-D22D-4B09-ADA6-09A7CA757ED1}.Release|Any CPU.ActiveCfg = Release|Any CPU
		{DE2353F5-D22D-4B09-ADA6-09A7CA757ED1}.Release|Any CPU.Build.0 = Release|Any CPU
		{DE2353F5-D22D-4B09-ADA6-09A7CA757ED1}.Release|Mixed Platforms.ActiveCfg = Release|Any CPU
		{DE2353F5-D22D-4B09-ADA6-09A7CA757ED1}.Release|Mixed Platforms.Build.0 = Release|Any CPU
		{DE2353F5-D22D-4B09-ADA6-09A7CA757ED1}.Release|x86.ActiveCfg = Release|Any CPU
		{E951DA3F-4F7A-4CA8-90A4-090F046C5E4B}.Debug|Any CPU.ActiveCfg = Debug|Any CPU
		{E951DA3F-4F7A-4CA8-90A4-090F046C5E4B}.Debug|Any CPU.Build.0 = Debug|Any CPU
		{E951DA3F-4F7A-4CA8-90A4-090F046C5E4B}.Debug|Mixed Platforms.ActiveCfg = Debug|Any CPU
		{E951DA3F-4F7A-4CA8-90A4-090F046C5E4B}.Debug|Mixed Platforms.Build.0 = Debug|Any CPU
		{E951DA3F-4F7A-4CA8-90A4-090F046C5E4B}.Debug|x86.ActiveCfg = Debug|Any CPU
		{E951DA3F-4F7A-4CA8-90A4-090F046C5E4B}.Release|Any CPU.ActiveCfg = Release|Any CPU
		{E951DA3F-4F7A-4CA8-90A4-090F046C5E4B}.Release|Any CPU.Build.0 = Release|Any CPU
		{E951DA3F-4F7A-4CA8-90A4-090F046C5E4B}.Release|Mixed Platforms.ActiveCfg = Release|Any CPU
		{E951DA3F-4F7A-4CA8-90A4-090F046C5E4B}.Release|Mixed Platforms.Build.0 = Release|Any CPU
		{E951DA3F-4F7A-4CA8-90A4-090F046C5E4B}.Release|x86.ActiveCfg = Release|Any CPU
		{EFD3F3BF-B25E-4CA6-BA40-502BD1763E72}.Debug|Any CPU.ActiveCfg = Debug|Any CPU
		{EFD3F3BF-B25E-4CA6-BA40-502BD1763E72}.Debug|Any CPU.Build.0 = Debug|Any CPU
		{EFD3F3BF-B25E-4CA6-BA40-502BD1763E72}.Debug|Mixed Platforms.ActiveCfg = Debug|Any CPU
		{EFD3F3BF-B25E-4CA6-BA40-502BD1763E72}.Debug|Mixed Platforms.Build.0 = Debug|Any CPU
		{EFD3F3BF-B25E-4CA6-BA40-502BD1763E72}.Debug|x86.ActiveCfg = Debug|Any CPU
		{EFD3F3BF-B25E-4CA6-BA40-502BD1763E72}.Release|Any CPU.ActiveCfg = Release|Any CPU
		{EFD3F3BF-B25E-4CA6-BA40-502BD1763E72}.Release|Any CPU.Build.0 = Release|Any CPU
		{EFD3F3BF-B25E-4CA6-BA40-502BD1763E72}.Release|Mixed Platforms.ActiveCfg = Release|Any CPU
		{EFD3F3BF-B25E-4CA6-BA40-502BD1763E72}.Release|Mixed Platforms.Build.0 = Release|Any CPU
		{EFD3F3BF-B25E-4CA6-BA40-502BD1763E72}.Release|x86.ActiveCfg = Release|Any CPU
		{F04EB1AF-1C68-424F-9BAD-A1843C0DE880}.Debug|Any CPU.ActiveCfg = Debug|x86
		{F04EB1AF-1C68-424F-9BAD-A1843C0DE880}.Debug|Mixed Platforms.ActiveCfg = Debug|x86
		{F04EB1AF-1C68-424F-9BAD-A1843C0DE880}.Debug|Mixed Platforms.Build.0 = Debug|x86
		{F04EB1AF-1C68-424F-9BAD-A1843C0DE880}.Debug|x86.ActiveCfg = Debug|x86
		{F04EB1AF-1C68-424F-9BAD-A1843C0DE880}.Debug|x86.Build.0 = Debug|x86
		{F04EB1AF-1C68-424F-9BAD-A1843C0DE880}.Release|Any CPU.ActiveCfg = Release|x86
		{F04EB1AF-1C68-424F-9BAD-A1843C0DE880}.Release|Mixed Platforms.ActiveCfg = Release|x86
		{F04EB1AF-1C68-424F-9BAD-A1843C0DE880}.Release|Mixed Platforms.Build.0 = Release|x86
		{F04EB1AF-1C68-424F-9BAD-A1843C0DE880}.Release|x86.ActiveCfg = Release|x86
		{F04EB1AF-1C68-424F-9BAD-A1843C0DE880}.Release|x86.Build.0 = Release|x86
		{F681934F-A816-4E95-9BB5-17C64FDD0B02}.Debug|Any CPU.ActiveCfg = Debug|Any CPU
		{F681934F-A816-4E95-9BB5-17C64FDD0B02}.Debug|Any CPU.Build.0 = Debug|Any CPU
		{F681934F-A816-4E95-9BB5-17C64FDD0B02}.Debug|Mixed Platforms.ActiveCfg = Debug|Any CPU
		{F681934F-A816-4E95-9BB5-17C64FDD0B02}.Debug|Mixed Platforms.Build.0 = Debug|Any CPU
		{F681934F-A816-4E95-9BB5-17C64FDD0B02}.Debug|x86.ActiveCfg = Debug|Any CPU
		{F681934F-A816-4E95-9BB5-17C64FDD0B02}.Release|Any CPU.ActiveCfg = Release|Any CPU
		{F681934F-A816-4E95-9BB5-17C64FDD0B02}.Release|Any CPU.Build.0 = Release|Any CPU
		{F681934F-A816-4E95-9BB5-17C64FDD0B02}.Release|Mixed Platforms.ActiveCfg = Release|Any CPU
		{F681934F-A816-4E95-9BB5-17C64FDD0B02}.Release|Mixed Platforms.Build.0 = Release|Any CPU
		{F681934F-A816-4E95-9BB5-17C64FDD0B02}.Release|x86.ActiveCfg = Release|Any CPU
	EndGlobalSection
	GlobalSection(SolutionProperties) = preSolution
		HideSolutionNode = FALSE
	EndGlobalSection
	GlobalSection(NestedProjects) = preSolution
		{109B2C9F-98FB-4A7C-88DA-F52C61A61B72} = {4B25997A-D0E5-44F0-9682-9E0EF42A8480}
		{24E309AC-67E9-45CB-A3A0-C032D30B551A} = {59C0694E-1B65-4459-B549-5492C2C66BC9}
		{26CDC440-E2C3-4AA0-9D4E-9213C7432ADD} = {59C0694E-1B65-4459-B549-5492C2C66BC9}
		{37A3AF07-FE74-47BC-BD6B-49EAF7AD8392} = {59C0694E-1B65-4459-B549-5492C2C66BC9}
		{3B27EDFF-0D30-4F31-9A68-83E3BEA1D85B} = {59C0694E-1B65-4459-B549-5492C2C66BC9}
		{4249AD17-1A25-4A67-8339-99935FA90C7E} = {59C0694E-1B65-4459-B549-5492C2C66BC9}
		{44390092-2FBC-4E24-A6F4-DC74F1EED246} = {59C0694E-1B65-4459-B549-5492C2C66BC9}
		{4CA3ED66-1DA0-4621-AC56-254D099ED9C7} = {59C0694E-1B65-4459-B549-5492C2C66BC9}
		{5288DAA0-DA8C-4742-82E9-0BF67C732C48} = {59C0694E-1B65-4459-B549-5492C2C66BC9}
		{56B163B4-AD6F-44E1-B6A6-84C58D590F87} = {59C0694E-1B65-4459-B549-5492C2C66BC9}
		{5B657644-8038-44E7-895B-F6A82AD596EE} = {4B25997A-D0E5-44F0-9682-9E0EF42A8480}
		{7AE561D4-B7EC-467F-B89C-0D531ECAD9CE} = {4B25997A-D0E5-44F0-9682-9E0EF42A8480}
		{7C2A1FBB-8E77-4E98-84C1-0EA43A8AD257} = {59C0694E-1B65-4459-B549-5492C2C66BC9}
		{7D245202-5271-4469-8D69-E4FB5CA454AB} = {59C0694E-1B65-4459-B549-5492C2C66BC9}
		{8E949758-37C7-4CB6-A1EA-B60EC9D99C89} = {59C0694E-1B65-4459-B549-5492C2C66BC9}
		{9BAD6796-739F-4FC5-AFF8-73F2C6FB217B} = {59C0694E-1B65-4459-B549-5492C2C66BC9}
		{9C97E9AD-5D51-42C6-99B3-56C59926D0E0} = {59C0694E-1B65-4459-B549-5492C2C66BC9}
		{9EC4108F-5E8C-470F-9729-0423A8DE51F6} = {59C0694E-1B65-4459-B549-5492C2C66BC9}
		{AF000ADF-1CD5-4301-9971-5211AA0B0225} = {59C0694E-1B65-4459-B549-5492C2C66BC9}
		{AFF90909-CAE0-4A76-8E87-C8E7479A905F} = {4B25997A-D0E5-44F0-9682-9E0EF42A8480}
		{BD7CEEFB-4DAB-4B91-95A4-C67685810BC7} = {59C0694E-1B65-4459-B549-5492C2C66BC9}
		{BE8DA337-B1EE-43C3-A136-71B63318C129} = {59C0694E-1B65-4459-B549-5492C2C66BC9}
		{BF1D299B-9112-49BB-B2AA-DEC776E43F41} = {59C0694E-1B65-4459-B549-5492C2C66BC9}
		{D41FC3A2-7D3E-43CE-9DC6-2BB2BDF0B263} = {59C0694E-1B65-4459-B549-5492C2C66BC9}
		{D59BAD95-CF20-4497-B2F0-ED9639D251AB} = {59C0694E-1B65-4459-B549-5492C2C66BC9}
		{D8942101-2B12-4574-930C-F850AE948A52} = {59C0694E-1B65-4459-B549-5492C2C66BC9}
		{DE2353F5-D22D-4B09-ADA6-09A7CA757ED1} = {4B25997A-D0E5-44F0-9682-9E0EF42A8480}
		{E951DA3F-4F7A-4CA8-90A4-090F046C5E4B} = {59C0694E-1B65-4459-B549-5492C2C66BC9}
		{EFD3F3BF-B25E-4CA6-BA40-502BD1763E72} = {4B25997A-D0E5-44F0-9682-9E0EF42A8480}
		{F04EB1AF-1C68-424F-9BAD-A1843C0DE880} = {4B25997A-D0E5-44F0-9682-9E0EF42A8480}
		{F681934F-A816-4E95-9BB5-17C64FDD0B02} = {59C0694E-1B65-4459-B549-5492C2C66BC9}
	EndGlobalSection
EndGlobal
