
Microsoft Visual Studio Solution File, Format Version 11.00
# Visual Studio 2010
Project("{FAE04EC0-301F-11D3-BF4B-00C04F79EFBC}") = "FakeMobileClient", "FakeMobileClient\FakeMobileClient.csproj", "{103948F8-6C57-463B-923F-70C08C3790BC}"
EndProject
Global
	GlobalSection(SolutionConfigurationPlatforms) = preSolution
		Debug|x86 = Debug|x86
		Release|x86 = Release|x86
	EndGlobalSection
	GlobalSection(ProjectConfigurationPlatforms) = postSolution
		{103948F8-6C57-463B-923F-70C08C3790BC}.Debug|x86.ActiveCfg = Debug|x86
		{103948F8-6C57-463B-923F-70C08C3790BC}.Debug|x86.Build.0 = Debug|x86
		{103948F8-6C57-463B-923F-70C08C3790BC}.Release|x86.ActiveCfg = Release|x86
		{103948F8-6C57-463B-923F-70C08C3790BC}.Release|x86.Build.0 = Release|x86
	EndGlobalSection
	GlobalSection(SolutionProperties) = preSolution
		HideSolutionNode = FALSE
	EndGlobalSection
EndGlobal
