
Microsoft Visual Studio Solution File, Format Version 11.00
# Visual Studio 2010
Project("{FAE04EC0-301F-11D3-BF4B-00C04F79EFBC}") = "WcfTest", "WcfTest\WcfTest.csproj", "{7C5638FC-FCDF-4DE7-9316-194C2B0D7E36}"
EndProject
Project("{FAE04EC0-301F-11D3-BF4B-00C04F79EFBC}") = "WcfTest.Server", "WcfTest.Server\WcfTest.Server.csproj", "{A52F00ED-14F6-4145-9BB8-69ACD103D8EF}"
EndProject
Project("{FAE04EC0-301F-11D3-BF4B-00C04F79EFBC}") = "WcfTest.Client", "WcfTest.Client\WcfTest.Client.csproj", "{8B1A619F-1C8C-49B0-A605-46E37F06DC30}"
EndProject
Global
	GlobalSection(SolutionConfigurationPlatforms) = preSolution
		Debug|Any CPU = Debug|Any CPU
		Debug|Mixed Platforms = Debug|Mixed Platforms
		Debug|x86 = Debug|x86
		Release|Any CPU = Release|Any CPU
		Release|Mixed Platforms = Release|Mixed Platforms
		Release|x86 = Release|x86
	EndGlobalSection
	GlobalSection(ProjectConfigurationPlatforms) = postSolution
		{7C5638FC-FCDF-4DE7-9316-194C2B0D7E36}.Debug|Any CPU.ActiveCfg = Debug|Any CPU
		{7C5638FC-FCDF-4DE7-9316-194C2B0D7E36}.Debug|Any CPU.Build.0 = Debug|Any CPU
		{7C5638FC-FCDF-4DE7-9316-194C2B0D7E36}.Debug|Mixed Platforms.ActiveCfg = Debug|Any CPU
		{7C5638FC-FCDF-4DE7-9316-194C2B0D7E36}.Debug|Mixed Platforms.Build.0 = Debug|Any CPU
		{7C5638FC-FCDF-4DE7-9316-194C2B0D7E36}.Debug|x86.ActiveCfg = Debug|Any CPU
		{7C5638FC-FCDF-4DE7-9316-194C2B0D7E36}.Release|Any CPU.ActiveCfg = Release|Any CPU
		{7C5638FC-FCDF-4DE7-9316-194C2B0D7E36}.Release|Any CPU.Build.0 = Release|Any CPU
		{7C5638FC-FCDF-4DE7-9316-194C2B0D7E36}.Release|Mixed Platforms.ActiveCfg = Release|Any CPU
		{7C5638FC-FCDF-4DE7-9316-194C2B0D7E36}.Release|Mixed Platforms.Build.0 = Release|Any CPU
		{7C5638FC-FCDF-4DE7-9316-194C2B0D7E36}.Release|x86.ActiveCfg = Release|Any CPU
		{A52F00ED-14F6-4145-9BB8-69ACD103D8EF}.Debug|Any CPU.ActiveCfg = Debug|x86
		{A52F00ED-14F6-4145-9BB8-69ACD103D8EF}.Debug|Mixed Platforms.ActiveCfg = Debug|x86
		{A52F00ED-14F6-4145-9BB8-69ACD103D8EF}.Debug|Mixed Platforms.Build.0 = Debug|x86
		{A52F00ED-14F6-4145-9BB8-69ACD103D8EF}.Debug|x86.ActiveCfg = Debug|x86
		{A52F00ED-14F6-4145-9BB8-69ACD103D8EF}.Debug|x86.Build.0 = Debug|x86
		{A52F00ED-14F6-4145-9BB8-69ACD103D8EF}.Release|Any CPU.ActiveCfg = Release|x86
		{A52F00ED-14F6-4145-9BB8-69ACD103D8EF}.Release|Mixed Platforms.ActiveCfg = Release|x86
		{A52F00ED-14F6-4145-9BB8-69ACD103D8EF}.Release|Mixed Platforms.Build.0 = Release|x86
		{A52F00ED-14F6-4145-9BB8-69ACD103D8EF}.Release|x86.ActiveCfg = Release|x86
		{A52F00ED-14F6-4145-9BB8-69ACD103D8EF}.Release|x86.Build.0 = Release|x86
		{8B1A619F-1C8C-49B0-A605-46E37F06DC30}.Debug|Any CPU.ActiveCfg = Debug|x86
		{8B1A619F-1C8C-49B0-A605-46E37F06DC30}.Debug|Mixed Platforms.ActiveCfg = Debug|x86
		{8B1A619F-1C8C-49B0-A605-46E37F06DC30}.Debug|Mixed Platforms.Build.0 = Debug|x86
		{8B1A619F-1C8C-49B0-A605-46E37F06DC30}.Debug|x86.ActiveCfg = Debug|x86
		{8B1A619F-1C8C-49B0-A605-46E37F06DC30}.Debug|x86.Build.0 = Debug|x86
		{8B1A619F-1C8C-49B0-A605-46E37F06DC30}.Release|Any CPU.ActiveCfg = Release|x86
		{8B1A619F-1C8C-49B0-A605-46E37F06DC30}.Release|Mixed Platforms.ActiveCfg = Release|x86
		{8B1A619F-1C8C-49B0-A605-46E37F06DC30}.Release|Mixed Platforms.Build.0 = Release|x86
		{8B1A619F-1C8C-49B0-A605-46E37F06DC30}.Release|x86.ActiveCfg = Release|x86
		{8B1A619F-1C8C-49B0-A605-46E37F06DC30}.Release|x86.Build.0 = Release|x86
	EndGlobalSection
	GlobalSection(SolutionProperties) = preSolution
		HideSolutionNode = FALSE
	EndGlobalSection
EndGlobal
