
Microsoft Visual Studio Solution File, Format Version 11.00
# Visual Studio 2010
Project("{FAE04EC0-301F-11D3-BF4B-00C04F79EFBC}") = "TestDynamicAssembly", "TestDynamicAssembly\TestDynamicAssembly.csproj", "{C9A07C67-96D9-46D5-BC58-EC4B7997ABFD}"
EndProject
Project("{FAE04EC0-301F-11D3-BF4B-00C04F79EFBC}") = "Core", "Core\Core.csproj", "{F4DEAEFC-7701-4C42-86AD-40543D4CAF60}"
EndProject
Global
	GlobalSection(SolutionConfigurationPlatforms) = preSolution
		Debug|Any CPU = Debug|Any CPU
		Debug|Mixed Platforms = Debug|Mixed Platforms
		Debug|x86 = Debug|x86
		Release|Any CPU = Release|Any CPU
		Release|Mixed Platforms = Release|Mixed Platforms
		Release|x86 = Release|x86
	EndGlobalSection
	GlobalSection(ProjectConfigurationPlatforms) = postSolution
		{C9A07C67-96D9-46D5-BC58-EC4B7997ABFD}.Debug|Any CPU.ActiveCfg = Debug|x86
		{C9A07C67-96D9-46D5-BC58-EC4B7997ABFD}.Debug|Mixed Platforms.ActiveCfg = Debug|x86
		{C9A07C67-96D9-46D5-BC58-EC4B7997ABFD}.Debug|Mixed Platforms.Build.0 = Debug|x86
		{C9A07C67-96D9-46D5-BC58-EC4B7997ABFD}.Debug|x86.ActiveCfg = Debug|x86
		{C9A07C67-96D9-46D5-BC58-EC4B7997ABFD}.Debug|x86.Build.0 = Debug|x86
		{C9A07C67-96D9-46D5-BC58-EC4B7997ABFD}.Release|Any CPU.ActiveCfg = Release|x86
		{C9A07C67-96D9-46D5-BC58-EC4B7997ABFD}.Release|Mixed Platforms.ActiveCfg = Release|x86
		{C9A07C67-96D9-46D5-BC58-EC4B7997ABFD}.Release|Mixed Platforms.Build.0 = Release|x86
		{C9A07C67-96D9-46D5-BC58-EC4B7997ABFD}.Release|x86.ActiveCfg = Release|x86
		{C9A07C67-96D9-46D5-BC58-EC4B7997ABFD}.Release|x86.Build.0 = Release|x86
		{F4DEAEFC-7701-4C42-86AD-40543D4CAF60}.Debug|Any CPU.ActiveCfg = Debug|Any CPU
		{F4DEAEFC-7701-4C42-86AD-40543D4CAF60}.Debug|Any CPU.Build.0 = Debug|Any CPU
		{F4DEAEFC-7701-4C42-86AD-40543D4CAF60}.Debug|Mixed Platforms.ActiveCfg = Debug|Any CPU
		{F4DEAEFC-7701-4C42-86AD-40543D4CAF60}.Debug|Mixed Platforms.Build.0 = Debug|Any CPU
		{F4DEAEFC-7701-4C42-86AD-40543D4CAF60}.Debug|x86.ActiveCfg = Debug|Any CPU
		{F4DEAEFC-7701-4C42-86AD-40543D4CAF60}.Release|Any CPU.ActiveCfg = Release|Any CPU
		{F4DEAEFC-7701-4C42-86AD-40543D4CAF60}.Release|Any CPU.Build.0 = Release|Any CPU
		{F4DEAEFC-7701-4C42-86AD-40543D4CAF60}.Release|Mixed Platforms.ActiveCfg = Release|Any CPU
		{F4DEAEFC-7701-4C42-86AD-40543D4CAF60}.Release|Mixed Platforms.Build.0 = Release|Any CPU
		{F4DEAEFC-7701-4C42-86AD-40543D4CAF60}.Release|x86.ActiveCfg = Release|Any CPU
	EndGlobalSection
	GlobalSection(SolutionProperties) = preSolution
		HideSolutionNode = FALSE
	EndGlobalSection
EndGlobal
